
Microsoft Visual Studio Solution File, Format Version 12.00
# Visual Studio 15
VisualStudioVersion = 15.0.26124.0
MinimumVisualStudioVersion = 15.0.26124.0
Project("{FAE04EC0-301F-11D3-BF4B-00C04F79EFBC}") = "Amazon.CDK", "Amazon.CDK\Amazon.CDK.csproj", "{9D619A48-693A-43EF-9375-180522EC60E9}"
EndProject
Project("{FAE04EC0-301F-11D3-BF4B-00C04F79EFBC}") = "Amazon.CDK.AWS.APIGateway", "Amazon.CDK.AWS.APIGateway\Amazon.CDK.AWS.APIGateway.csproj", "{DD2CC4B7-16FC-4CF7-BCED-5217534A0B9A}"
EndProject
Project("{FAE04EC0-301F-11D3-BF4B-00C04F79EFBC}") = "Amazon.CDK.AWS.AppSync", "Amazon.CDK.AWS.AppSync\Amazon.CDK.AWS.AppSync.csproj", "{DEDEA153-122D-4C25-A679-542DD2A94BE2}"
EndProject
Project("{FAE04EC0-301F-11D3-BF4B-00C04F79EFBC}") = "Amazon.CDK.AWS.ApplicationAutoScaling", "Amazon.CDK.AWS.ApplicationAutoScaling\Amazon.CDK.AWS.ApplicationAutoScaling.csproj", "{1913DFB8-FE84-417B-8C1C-940999A5EB38}"
EndProject
Project("{FAE04EC0-301F-11D3-BF4B-00C04F79EFBC}") = "Amazon.CDK.AWS.Athena", "Amazon.CDK.AWS.Athena\Amazon.CDK.AWS.Athena.csproj", "{B376F445-76BD-46BD-A458-C9C63D22DA94}"
EndProject
Project("{FAE04EC0-301F-11D3-BF4B-00C04F79EFBC}") = "Amazon.CDK.AWS.AutoScaling", "Amazon.CDK.AWS.AutoScaling\Amazon.CDK.AWS.AutoScaling.csproj", "{262088C2-94C7-47BA-855D-58E78D77CD77}"
EndProject
Project("{FAE04EC0-301F-11D3-BF4B-00C04F79EFBC}") = "Amazon.CDK.AWS.AutoScalingPlans", "Amazon.CDK.AWS.AutoScalingPlans\Amazon.CDK.AWS.AutoScalingPlans.csproj", "{8675CE5F-CB17-4BE6-AA8B-8E2EC8BA63B1}"
EndProject
Project("{FAE04EC0-301F-11D3-BF4B-00C04F79EFBC}") = "Amazon.CDK.AWS.Batch", "Amazon.CDK.AWS.Batch\Amazon.CDK.AWS.Batch.csproj", "{D1AA0DE2-B399-4994-94A4-A2CEB5C17820}"
EndProject
Project("{FAE04EC0-301F-11D3-BF4B-00C04F79EFBC}") = "Amazon.CDK.AWS.Budgets", "Amazon.CDK.AWS.Budgets\Amazon.CDK.AWS.Budgets.csproj", "{85867C6C-DAE1-4B03-BA50-746539F34E46}"
EndProject
Project("{FAE04EC0-301F-11D3-BF4B-00C04F79EFBC}") = "Amazon.CDK.AWS.CertificateManager", "Amazon.CDK.AWS.CertificateManager\Amazon.CDK.AWS.CertificateManager.csproj", "{06D2730A-EB17-4EF4-AAE4-8BC6790127CB}"
EndProject
Project("{FAE04EC0-301F-11D3-BF4B-00C04F79EFBC}") = "Amazon.CDK.AWS.Cloud9", "Amazon.CDK.AWS.Cloud9\Amazon.CDK.AWS.Cloud9.csproj", "{7478080D-7CCC-48C7-B4C8-B5756A110FE1}"
EndProject
Project("{FAE04EC0-301F-11D3-BF4B-00C04F79EFBC}") = "Amazon.CDK.AWS.CloudFormation", "Amazon.CDK.AWS.CloudFormation\Amazon.CDK.AWS.CloudFormation.csproj", "{BA5D5D53-EC94-47E9-B8B8-AE95276C680D}"
EndProject
Project("{FAE04EC0-301F-11D3-BF4B-00C04F79EFBC}") = "Amazon.CDK.AWS.CloudFront", "Amazon.CDK.AWS.CloudFront\Amazon.CDK.AWS.CloudFront.csproj", "{68233E87-B9A2-430A-9B34-E5A3CD6C2F2E}"
EndProject
Project("{FAE04EC0-301F-11D3-BF4B-00C04F79EFBC}") = "Amazon.CDK.AWS.CloudTrail", "Amazon.CDK.AWS.CloudTrail\Amazon.CDK.AWS.CloudTrail.csproj", "{4DA18C61-5226-4EC7-97C7-7FCCA6E4602C}"
EndProject
Project("{FAE04EC0-301F-11D3-BF4B-00C04F79EFBC}") = "Amazon.CDK.AWS.CloudWatch", "Amazon.CDK.AWS.CloudWatch\Amazon.CDK.AWS.CloudWatch.csproj", "{B6CC1D88-E68B-45E4-A880-32820D6328E6}"
EndProject
Project("{FAE04EC0-301F-11D3-BF4B-00C04F79EFBC}") = "Amazon.CDK.AWS.CodeBuild", "Amazon.CDK.AWS.CodeBuild\Amazon.CDK.AWS.CodeBuild.csproj", "{16EFE612-FCF7-497F-97EE-6BFC6A825DC5}"
EndProject
Project("{FAE04EC0-301F-11D3-BF4B-00C04F79EFBC}") = "Amazon.CDK.AWS.CodeBuildCodePipeline", "Amazon.CDK.AWS.CodeBuildCodePipeline\Amazon.CDK.AWS.CodeBuildCodePipeline.csproj", "{93FE4206-8BE9-4FDF-99A8-084FD377637A}"
EndProject
Project("{FAE04EC0-301F-11D3-BF4B-00C04F79EFBC}") = "Amazon.CDK.AWS.CodeCommit", "Amazon.CDK.AWS.CodeCommit\Amazon.CDK.AWS.CodeCommit.csproj", "{F7F1FC49-886F-4778-8725-27DA87FF3F94}"
EndProject
Project("{FAE04EC0-301F-11D3-BF4B-00C04F79EFBC}") = "Amazon.CDK.AWS.CodeCommitCodePipeline", "Amazon.CDK.AWS.CodeCommitCodePipeline\Amazon.CDK.AWS.CodeCommitCodePipeline.csproj", "{1BFD1B8E-3C02-4722-A0A9-4F1B4014F031}"
EndProject
Project("{FAE04EC0-301F-11D3-BF4B-00C04F79EFBC}") = "Amazon.CDK.AWS.CodeDeploy", "Amazon.CDK.AWS.CodeDeploy\Amazon.CDK.AWS.CodeDeploy.csproj", "{12629D9D-338E-4657-8416-4B529FA66299}"
EndProject
Project("{FAE04EC0-301F-11D3-BF4B-00C04F79EFBC}") = "Amazon.CDK.AWS.CodePipeline", "Amazon.CDK.AWS.CodePipeline\Amazon.CDK.AWS.CodePipeline.csproj", "{305EE0E6-66DA-4E05-B3F2-F0BECB08BC28}"
EndProject
Project("{FAE04EC0-301F-11D3-BF4B-00C04F79EFBC}") = "Amazon.CDK.AWS.Cognito", "Amazon.CDK.AWS.Cognito\Amazon.CDK.AWS.Cognito.csproj", "{050B1BF2-F270-40CA-922F-951D2EEF8E77}"
EndProject
Project("{FAE04EC0-301F-11D3-BF4B-00C04F79EFBC}") = "Amazon.CDK.AWS.Config", "Amazon.CDK.AWS.Config\Amazon.CDK.AWS.Config.csproj", "{E996788A-615B-4332-96E1-CE241523E1C8}"
EndProject
Project("{FAE04EC0-301F-11D3-BF4B-00C04F79EFBC}") = "Amazon.CDK.AWS.DAX", "Amazon.CDK.AWS.DAX\Amazon.CDK.AWS.DAX.csproj", "{F1FA947A-E6EC-48A3-9479-AE4DB6A5DA4C}"
EndProject
Project("{FAE04EC0-301F-11D3-BF4B-00C04F79EFBC}") = "Amazon.CDK.AWS.DMS", "Amazon.CDK.AWS.DMS\Amazon.CDK.AWS.DMS.csproj", "{879BEC80-4189-4F10-8718-5D172ADB6159}"
EndProject
Project("{FAE04EC0-301F-11D3-BF4B-00C04F79EFBC}") = "Amazon.CDK.AWS.DataPipeline", "Amazon.CDK.AWS.DataPipeline\Amazon.CDK.AWS.DataPipeline.csproj", "{72743634-CB91-4D61-B74D-6D44AFCE5BD9}"
EndProject
Project("{FAE04EC0-301F-11D3-BF4B-00C04F79EFBC}") = "Amazon.CDK.AWS.DirectoryService", "Amazon.CDK.AWS.DirectoryService\Amazon.CDK.AWS.DirectoryService.csproj", "{255C32D7-C9E5-4188-8413-FC1FE1523E56}"
EndProject
Project("{FAE04EC0-301F-11D3-BF4B-00C04F79EFBC}") = "Amazon.CDK.AWS.DynamoDB", "Amazon.CDK.AWS.DynamoDB\Amazon.CDK.AWS.DynamoDB.csproj", "{EB9B8ED2-6EB6-4D79-97F5-72499DFDB95A}"
EndProject
Project("{FAE04EC0-301F-11D3-BF4B-00C04F79EFBC}") = "Amazon.CDK.AWS.EC2", "Amazon.CDK.AWS.EC2\Amazon.CDK.AWS.EC2.csproj", "{9265D436-2441-40DA-B0BF-F143D6F23577}"
EndProject
Project("{FAE04EC0-301F-11D3-BF4B-00C04F79EFBC}") = "Amazon.CDK.AWS.ECR", "Amazon.CDK.AWS.ECR\Amazon.CDK.AWS.ECR.csproj", "{AB9BFC70-826B-4EDD-8CB7-0AC99DBD4ACB}"
EndProject
Project("{FAE04EC0-301F-11D3-BF4B-00C04F79EFBC}") = "Amazon.CDK.AWS.ECS", "Amazon.CDK.AWS.ECS\Amazon.CDK.AWS.ECS.csproj", "{BA1B05E9-907F-4479-A776-25243FDEDB58}"
EndProject
Project("{FAE04EC0-301F-11D3-BF4B-00C04F79EFBC}") = "Amazon.CDK.AWS.EFS", "Amazon.CDK.AWS.EFS\Amazon.CDK.AWS.EFS.csproj", "{C241296C-713E-4AE1-B0E4-64C28FF1206C}"
EndProject
Project("{FAE04EC0-301F-11D3-BF4B-00C04F79EFBC}") = "Amazon.CDK.AWS.EKS", "Amazon.CDK.AWS.EKS\Amazon.CDK.AWS.EKS.csproj", "{8022D47A-2228-4179-8C94-AADA3D42AE9C}"
EndProject
Project("{FAE04EC0-301F-11D3-BF4B-00C04F79EFBC}") = "Amazon.CDK.AWS.EMR", "Amazon.CDK.AWS.EMR\Amazon.CDK.AWS.EMR.csproj", "{BE9693DB-93BD-4D2C-B3C5-2BEC09ACBB92}"
EndProject
Project("{FAE04EC0-301F-11D3-BF4B-00C04F79EFBC}") = "Amazon.CDK.AWS.ElastiCache", "Amazon.CDK.AWS.ElastiCache\Amazon.CDK.AWS.ElastiCache.csproj", "{03211A6B-EB24-4AEA-940B-56CC061FEDF0}"
EndProject
Project("{FAE04EC0-301F-11D3-BF4B-00C04F79EFBC}") = "Amazon.CDK.AWS.ElasticBeanstalk", "Amazon.CDK.AWS.ElasticBeanstalk\Amazon.CDK.AWS.ElasticBeanstalk.csproj", "{CC269502-4E87-4498-B852-29B2B071C4E5}"
EndProject
Project("{FAE04EC0-301F-11D3-BF4B-00C04F79EFBC}") = "Amazon.CDK.AWS.ElasticLoadBalancing", "Amazon.CDK.AWS.ElasticLoadBalancing\Amazon.CDK.AWS.ElasticLoadBalancing.csproj", "{9046287C-3B8F-41BC-AC1F-E19F5BD43C61}"
EndProject
Project("{FAE04EC0-301F-11D3-BF4B-00C04F79EFBC}") = "Amazon.CDK.AWS.ElasticLoadBalancingV2", "Amazon.CDK.AWS.ElasticLoadBalancingV2\Amazon.CDK.AWS.ElasticLoadBalancingV2.csproj", "{96EF63D2-9234-4CA0-8259-3C3CE886C58D}"
EndProject
Project("{FAE04EC0-301F-11D3-BF4B-00C04F79EFBC}") = "Amazon.CDK.AWS.Elasticsearch", "Amazon.CDK.AWS.Elasticsearch\Amazon.CDK.AWS.Elasticsearch.csproj", "{1BFE6793-D6C2-4844-A0B8-BBC552212D42}"
EndProject
Project("{FAE04EC0-301F-11D3-BF4B-00C04F79EFBC}") = "Amazon.CDK.AWS.Events", "Amazon.CDK.AWS.Events\Amazon.CDK.AWS.Events.csproj", "{3B903902-4C92-4081-9803-E369967F4351}"
EndProject
Project("{FAE04EC0-301F-11D3-BF4B-00C04F79EFBC}") = "Amazon.CDK.AWS.GameLift", "Amazon.CDK.AWS.GameLift\Amazon.CDK.AWS.GameLift.csproj", "{0517D495-6582-4B5B-90D9-3EC3786172D5}"
EndProject
Project("{FAE04EC0-301F-11D3-BF4B-00C04F79EFBC}") = "Amazon.CDK.AWS.Glue", "Amazon.CDK.AWS.Glue\Amazon.CDK.AWS.Glue.csproj", "{FE5AED0B-8720-4ABC-B435-46AD31B8AA20}"
EndProject
Project("{FAE04EC0-301F-11D3-BF4B-00C04F79EFBC}") = "Amazon.CDK.AWS.GuardDuty", "Amazon.CDK.AWS.GuardDuty\Amazon.CDK.AWS.GuardDuty.csproj", "{A7E15E09-16F2-4058-A212-739539C21636}"
EndProject
Project("{FAE04EC0-301F-11D3-BF4B-00C04F79EFBC}") = "Amazon.CDK.AWS.IAM", "Amazon.CDK.AWS.IAM\Amazon.CDK.AWS.IAM.csproj", "{750A8677-B1EC-4C40-8B6B-0CA209DDA2D9}"
EndProject
Project("{FAE04EC0-301F-11D3-BF4B-00C04F79EFBC}") = "Amazon.CDK.AWS.Inspector", "Amazon.CDK.AWS.Inspector\Amazon.CDK.AWS.Inspector.csproj", "{42BDB9E7-2631-441A-9516-2098EBFE28EB}"
EndProject
Project("{FAE04EC0-301F-11D3-BF4B-00C04F79EFBC}") = "Amazon.CDK.AWS.IoT", "Amazon.CDK.AWS.IoT\Amazon.CDK.AWS.IoT.csproj", "{82BAF51B-245C-44B4-A77A-D529225F050B}"
EndProject
Project("{FAE04EC0-301F-11D3-BF4B-00C04F79EFBC}") = "Amazon.CDK.AWS.KMS", "Amazon.CDK.AWS.KMS\Amazon.CDK.AWS.KMS.csproj", "{23DE324E-4F46-461B-9056-85B3A270A306}"
EndProject
Project("{FAE04EC0-301F-11D3-BF4B-00C04F79EFBC}") = "Amazon.CDK.AWS.Kinesis", "Amazon.CDK.AWS.Kinesis\Amazon.CDK.AWS.Kinesis.csproj", "{4C2252D0-EAB6-4F0B-9EDC-52FCBAFDD5C8}"
EndProject
Project("{FAE04EC0-301F-11D3-BF4B-00C04F79EFBC}") = "Amazon.CDK.AWS.KinesisAnalytics", "Amazon.CDK.AWS.KinesisAnalytics\Amazon.CDK.AWS.KinesisAnalytics.csproj", "{5DB5DF80-5002-4D70-8B09-CBB6D99F9F54}"
EndProject
Project("{FAE04EC0-301F-11D3-BF4B-00C04F79EFBC}") = "Amazon.CDK.AWS.KinesisFirehose", "Amazon.CDK.AWS.KinesisFirehose\Amazon.CDK.AWS.KinesisFirehose.csproj", "{16452419-2CC6-4717-9637-38A42957BE2A}"
EndProject
Project("{FAE04EC0-301F-11D3-BF4B-00C04F79EFBC}") = "Amazon.CDK.AWS.Lambda", "Amazon.CDK.AWS.Lambda\Amazon.CDK.AWS.Lambda.csproj", "{F4D8854D-A25E-4E5E-90E5-6EBB7B913E1F}"
EndProject
Project("{FAE04EC0-301F-11D3-BF4B-00C04F79EFBC}") = "Amazon.CDK.AWS.LambdaCodePipeline", "Amazon.CDK.AWS.LambdaCodePipeline\Amazon.CDK.AWS.LambdaCodePipeline.csproj", "{AB80B331-7CF2-4EB1-A59F-AB8612E86E61}"
EndProject
Project("{FAE04EC0-301F-11D3-BF4B-00C04F79EFBC}") = "Amazon.CDK.AWS.Logs", "Amazon.CDK.AWS.Logs\Amazon.CDK.AWS.Logs.csproj", "{F1BE37B3-14C5-436C-B882-DE20F2FA017E}"
EndProject
Project("{FAE04EC0-301F-11D3-BF4B-00C04F79EFBC}") = "Amazon.CDK.AWS.Neptune", "Amazon.CDK.AWS.Neptune\Amazon.CDK.AWS.Neptune.csproj", "{D23F1C8F-0049-405D-B5A1-D570CEED5F8B}"
EndProject
Project("{FAE04EC0-301F-11D3-BF4B-00C04F79EFBC}") = "Amazon.CDK.AWS.OpsWorks", "Amazon.CDK.AWS.OpsWorks\Amazon.CDK.AWS.OpsWorks.csproj", "{3FDD196F-1B1A-48ED-91B4-276CD91B3310}"
EndProject
Project("{FAE04EC0-301F-11D3-BF4B-00C04F79EFBC}") = "Amazon.CDK.AWS.QuickStarts", "Amazon.CDK.AWS.QuickStarts\Amazon.CDK.AWS.QuickStarts.csproj", "{5B68D99F-588C-4E59-BEDC-AF9C843A30C9}"
EndProject
Project("{FAE04EC0-301F-11D3-BF4B-00C04F79EFBC}") = "Amazon.CDK.AWS.RDS", "Amazon.CDK.AWS.RDS\Amazon.CDK.AWS.RDS.csproj", "{2591538B-F871-4DF8-9521-D4C559EF05DF}"
EndProject
Project("{FAE04EC0-301F-11D3-BF4B-00C04F79EFBC}") = "Amazon.CDK.AWS.Redshift", "Amazon.CDK.AWS.Redshift\Amazon.CDK.AWS.Redshift.csproj", "{72F6D214-342D-40B1-9937-DA87438EFA31}"
EndProject
Project("{FAE04EC0-301F-11D3-BF4B-00C04F79EFBC}") = "Amazon.CDK.AWS.Route53", "Amazon.CDK.AWS.Route53\Amazon.CDK.AWS.Route53.csproj", "{1660750C-254F-41B4-9D81-E4060FB4E78B}"
EndProject
Project("{FAE04EC0-301F-11D3-BF4B-00C04F79EFBC}") = "Amazon.CDK.AWS.S3", "Amazon.CDK.AWS.S3\Amazon.CDK.AWS.S3.csproj", "{1B30F99B-1A9D-42F7-BFD1-51969617FFE5}"
EndProject
Project("{FAE04EC0-301F-11D3-BF4B-00C04F79EFBC}") = "Amazon.CDK.AWS.SDB", "Amazon.CDK.AWS.SDB\Amazon.CDK.AWS.SDB.csproj", "{0B7A61ED-1CB3-4C82-AD53-93F6925083FF}"
EndProject
Project("{FAE04EC0-301F-11D3-BF4B-00C04F79EFBC}") = "Amazon.CDK.AWS.SES", "Amazon.CDK.AWS.SES\Amazon.CDK.AWS.SES.csproj", "{30D68F71-7A3F-46F8-AFEE-7CCF533B6C27}"
EndProject
Project("{FAE04EC0-301F-11D3-BF4B-00C04F79EFBC}") = "Amazon.CDK.AWS.SNS", "Amazon.CDK.AWS.SNS\Amazon.CDK.AWS.SNS.csproj", "{F8250E79-DB3F-4C88-A907-DDAA12C6BB15}"
EndProject
Project("{FAE04EC0-301F-11D3-BF4B-00C04F79EFBC}") = "Amazon.CDK.AWS.SQS", "Amazon.CDK.AWS.SQS\Amazon.CDK.AWS.SQS.csproj", "{F8D934DE-DA1D-4CAC-92DB-B3456876FAB9}"
EndProject
Project("{FAE04EC0-301F-11D3-BF4B-00C04F79EFBC}") = "Amazon.CDK.AWS.SSM", "Amazon.CDK.AWS.SSM\Amazon.CDK.AWS.SSM.csproj", "{50237301-317C-4EF1-827B-0B68CDAB3FD3}"
EndProject
Project("{FAE04EC0-301F-11D3-BF4B-00C04F79EFBC}") = "Amazon.CDK.AWS.Serverless", "Amazon.CDK.AWS.Serverless\Amazon.CDK.AWS.Serverless.csproj", "{E90D7056-F9A2-4AA1-AC16-B19B2BEAEF51}"
EndProject
Project("{FAE04EC0-301F-11D3-BF4B-00C04F79EFBC}") = "Amazon.CDK.AWS.ServiceCatalog", "Amazon.CDK.AWS.ServiceCatalog\Amazon.CDK.AWS.ServiceCatalog.csproj", "{1894A8ED-8485-4765-AED2-76321A0D0EB4}"
EndProject
Project("{FAE04EC0-301F-11D3-BF4B-00C04F79EFBC}") = "Amazon.CDK.AWS.ServiceDiscovery", "Amazon.CDK.AWS.ServiceDiscovery\Amazon.CDK.AWS.ServiceDiscovery.csproj", "{AF7F7CFA-B75D-47B1-9D41-9DDF8E8E7B8B}"
EndProject
Project("{FAE04EC0-301F-11D3-BF4B-00C04F79EFBC}") = "Amazon.CDK.AWS.StepFunctions", "Amazon.CDK.AWS.StepFunctions\Amazon.CDK.AWS.StepFunctions.csproj", "{7ADE0E47-8588-43E7-BC9F-0CFD3394EF99}"
EndProject
Project("{FAE04EC0-301F-11D3-BF4B-00C04F79EFBC}") = "Amazon.CDK.AWS.WAF", "Amazon.CDK.AWS.WAF\Amazon.CDK.AWS.WAF.csproj", "{AFE840EC-AE85-4080-A6FE-5DDCC502AB54}"
EndProject
Project("{FAE04EC0-301F-11D3-BF4B-00C04F79EFBC}") = "Amazon.CDK.AWS.WAFRegional", "Amazon.CDK.AWS.WAFRegional\Amazon.CDK.AWS.WAFRegional.csproj", "{4803CC5F-42D5-42C6-B2A4-77B14898AF50}"
EndProject
Project("{FAE04EC0-301F-11D3-BF4B-00C04F79EFBC}") = "Amazon.CDK.AWS.WorkSpaces", "Amazon.CDK.AWS.WorkSpaces\Amazon.CDK.AWS.WorkSpaces.csproj", "{23DF94E3-C76C-4264-980C-D1EED6DDDB13}"
EndProject
Project("{FAE04EC0-301F-11D3-BF4B-00C04F79EFBC}") = "Amazon.CDK.Assets", "Amazon.CDK.Assets\Amazon.CDK.Assets.csproj", "{B0E53E8A-A499-4A71-BED7-D36D6B1B13DE}"
EndProject
Project("{FAE04EC0-301F-11D3-BF4B-00C04F79EFBC}") = "Amazon.CDK.CXAPI", "Amazon.CDK.CXAPI\Amazon.CDK.CXAPI.csproj", "{6F5C768A-F839-4B54-AB23-B2654D17BC02}"
EndProject
Project("{FAE04EC0-301F-11D3-BF4B-00C04F79EFBC}") = "Amazon.CDK.RTV", "Amazon.CDK.RTV\Amazon.CDK.RTV.csproj", "{465D8F55-85EC-4FB0-8613-236BA10721C1}"
EndProject
Global
	GlobalSection(SolutionConfigurationPlatforms) = preSolution
		Debug|Any CPU = Debug|Any CPU
		Debug|x64 = Debug|x64
		Debug|x86 = Debug|x86
		Release|Any CPU = Release|Any CPU
		Release|x64 = Release|x64
		Release|x86 = Release|x86
	EndGlobalSection
	GlobalSection(SolutionProperties) = preSolution
		HideSolutionNode = FALSE
	EndGlobalSection
	GlobalSection(ProjectConfigurationPlatforms) = postSolution
		{9D619A48-693A-43EF-9375-180522EC60E9}.Debug|Any CPU.ActiveCfg = Debug|Any CPU
		{9D619A48-693A-43EF-9375-180522EC60E9}.Debug|Any CPU.Build.0 = Debug|Any CPU
		{9D619A48-693A-43EF-9375-180522EC60E9}.Debug|x64.ActiveCfg = Debug|x64
		{9D619A48-693A-43EF-9375-180522EC60E9}.Debug|x64.Build.0 = Debug|x64
		{9D619A48-693A-43EF-9375-180522EC60E9}.Debug|x86.ActiveCfg = Debug|x86
		{9D619A48-693A-43EF-9375-180522EC60E9}.Debug|x86.Build.0 = Debug|x86
		{9D619A48-693A-43EF-9375-180522EC60E9}.Release|Any CPU.ActiveCfg = Release|Any CPU
		{9D619A48-693A-43EF-9375-180522EC60E9}.Release|Any CPU.Build.0 = Release|Any CPU
		{9D619A48-693A-43EF-9375-180522EC60E9}.Release|x64.ActiveCfg = Release|x64
		{9D619A48-693A-43EF-9375-180522EC60E9}.Release|x64.Build.0 = Release|x64
		{9D619A48-693A-43EF-9375-180522EC60E9}.Release|x86.ActiveCfg = Release|x86
		{9D619A48-693A-43EF-9375-180522EC60E9}.Release|x86.Build.0 = Release|x86
		{DD2CC4B7-16FC-4CF7-BCED-5217534A0B9A}.Debug|Any CPU.ActiveCfg = Debug|Any CPU
		{DD2CC4B7-16FC-4CF7-BCED-5217534A0B9A}.Debug|Any CPU.Build.0 = Debug|Any CPU
		{DD2CC4B7-16FC-4CF7-BCED-5217534A0B9A}.Debug|x64.ActiveCfg = Debug|x64
		{DD2CC4B7-16FC-4CF7-BCED-5217534A0B9A}.Debug|x64.Build.0 = Debug|x64
		{DD2CC4B7-16FC-4CF7-BCED-5217534A0B9A}.Debug|x86.ActiveCfg = Debug|x86
		{DD2CC4B7-16FC-4CF7-BCED-5217534A0B9A}.Debug|x86.Build.0 = Debug|x86
		{DD2CC4B7-16FC-4CF7-BCED-5217534A0B9A}.Release|Any CPU.ActiveCfg = Release|Any CPU
		{DD2CC4B7-16FC-4CF7-BCED-5217534A0B9A}.Release|Any CPU.Build.0 = Release|Any CPU
		{DD2CC4B7-16FC-4CF7-BCED-5217534A0B9A}.Release|x64.ActiveCfg = Release|x64
		{DD2CC4B7-16FC-4CF7-BCED-5217534A0B9A}.Release|x64.Build.0 = Release|x64
		{DD2CC4B7-16FC-4CF7-BCED-5217534A0B9A}.Release|x86.ActiveCfg = Release|x86
		{DD2CC4B7-16FC-4CF7-BCED-5217534A0B9A}.Release|x86.Build.0 = Release|x86
		{DEDEA153-122D-4C25-A679-542DD2A94BE2}.Debug|Any CPU.ActiveCfg = Debug|Any CPU
		{DEDEA153-122D-4C25-A679-542DD2A94BE2}.Debug|Any CPU.Build.0 = Debug|Any CPU
		{DEDEA153-122D-4C25-A679-542DD2A94BE2}.Debug|x64.ActiveCfg = Debug|x64
		{DEDEA153-122D-4C25-A679-542DD2A94BE2}.Debug|x64.Build.0 = Debug|x64
		{DEDEA153-122D-4C25-A679-542DD2A94BE2}.Debug|x86.ActiveCfg = Debug|x86
		{DEDEA153-122D-4C25-A679-542DD2A94BE2}.Debug|x86.Build.0 = Debug|x86
		{DEDEA153-122D-4C25-A679-542DD2A94BE2}.Release|Any CPU.ActiveCfg = Release|Any CPU
		{DEDEA153-122D-4C25-A679-542DD2A94BE2}.Release|Any CPU.Build.0 = Release|Any CPU
		{DEDEA153-122D-4C25-A679-542DD2A94BE2}.Release|x64.ActiveCfg = Release|x64
		{DEDEA153-122D-4C25-A679-542DD2A94BE2}.Release|x64.Build.0 = Release|x64
		{DEDEA153-122D-4C25-A679-542DD2A94BE2}.Release|x86.ActiveCfg = Release|x86
		{DEDEA153-122D-4C25-A679-542DD2A94BE2}.Release|x86.Build.0 = Release|x86
		{1913DFB8-FE84-417B-8C1C-940999A5EB38}.Debug|Any CPU.ActiveCfg = Debug|Any CPU
		{1913DFB8-FE84-417B-8C1C-940999A5EB38}.Debug|Any CPU.Build.0 = Debug|Any CPU
		{1913DFB8-FE84-417B-8C1C-940999A5EB38}.Debug|x64.ActiveCfg = Debug|x64
		{1913DFB8-FE84-417B-8C1C-940999A5EB38}.Debug|x64.Build.0 = Debug|x64
		{1913DFB8-FE84-417B-8C1C-940999A5EB38}.Debug|x86.ActiveCfg = Debug|x86
		{1913DFB8-FE84-417B-8C1C-940999A5EB38}.Debug|x86.Build.0 = Debug|x86
		{1913DFB8-FE84-417B-8C1C-940999A5EB38}.Release|Any CPU.ActiveCfg = Release|Any CPU
		{1913DFB8-FE84-417B-8C1C-940999A5EB38}.Release|Any CPU.Build.0 = Release|Any CPU
		{1913DFB8-FE84-417B-8C1C-940999A5EB38}.Release|x64.ActiveCfg = Release|x64
		{1913DFB8-FE84-417B-8C1C-940999A5EB38}.Release|x64.Build.0 = Release|x64
		{1913DFB8-FE84-417B-8C1C-940999A5EB38}.Release|x86.ActiveCfg = Release|x86
		{1913DFB8-FE84-417B-8C1C-940999A5EB38}.Release|x86.Build.0 = Release|x86
		{B376F445-76BD-46BD-A458-C9C63D22DA94}.Debug|Any CPU.ActiveCfg = Debug|Any CPU
		{B376F445-76BD-46BD-A458-C9C63D22DA94}.Debug|Any CPU.Build.0 = Debug|Any CPU
		{B376F445-76BD-46BD-A458-C9C63D22DA94}.Debug|x64.ActiveCfg = Debug|x64
		{B376F445-76BD-46BD-A458-C9C63D22DA94}.Debug|x64.Build.0 = Debug|x64
		{B376F445-76BD-46BD-A458-C9C63D22DA94}.Debug|x86.ActiveCfg = Debug|x86
		{B376F445-76BD-46BD-A458-C9C63D22DA94}.Debug|x86.Build.0 = Debug|x86
		{B376F445-76BD-46BD-A458-C9C63D22DA94}.Release|Any CPU.ActiveCfg = Release|Any CPU
		{B376F445-76BD-46BD-A458-C9C63D22DA94}.Release|Any CPU.Build.0 = Release|Any CPU
		{B376F445-76BD-46BD-A458-C9C63D22DA94}.Release|x64.ActiveCfg = Release|x64
		{B376F445-76BD-46BD-A458-C9C63D22DA94}.Release|x64.Build.0 = Release|x64
		{B376F445-76BD-46BD-A458-C9C63D22DA94}.Release|x86.ActiveCfg = Release|x86
		{B376F445-76BD-46BD-A458-C9C63D22DA94}.Release|x86.Build.0 = Release|x86
		{262088C2-94C7-47BA-855D-58E78D77CD77}.Debug|Any CPU.ActiveCfg = Debug|Any CPU
		{262088C2-94C7-47BA-855D-58E78D77CD77}.Debug|Any CPU.Build.0 = Debug|Any CPU
		{262088C2-94C7-47BA-855D-58E78D77CD77}.Debug|x64.ActiveCfg = Debug|x64
		{262088C2-94C7-47BA-855D-58E78D77CD77}.Debug|x64.Build.0 = Debug|x64
		{262088C2-94C7-47BA-855D-58E78D77CD77}.Debug|x86.ActiveCfg = Debug|x86
		{262088C2-94C7-47BA-855D-58E78D77CD77}.Debug|x86.Build.0 = Debug|x86
		{262088C2-94C7-47BA-855D-58E78D77CD77}.Release|Any CPU.ActiveCfg = Release|Any CPU
		{262088C2-94C7-47BA-855D-58E78D77CD77}.Release|Any CPU.Build.0 = Release|Any CPU
		{262088C2-94C7-47BA-855D-58E78D77CD77}.Release|x64.ActiveCfg = Release|x64
		{262088C2-94C7-47BA-855D-58E78D77CD77}.Release|x64.Build.0 = Release|x64
		{262088C2-94C7-47BA-855D-58E78D77CD77}.Release|x86.ActiveCfg = Release|x86
		{262088C2-94C7-47BA-855D-58E78D77CD77}.Release|x86.Build.0 = Release|x86
		{8675CE5F-CB17-4BE6-AA8B-8E2EC8BA63B1}.Debug|Any CPU.ActiveCfg = Debug|Any CPU
		{8675CE5F-CB17-4BE6-AA8B-8E2EC8BA63B1}.Debug|Any CPU.Build.0 = Debug|Any CPU
		{8675CE5F-CB17-4BE6-AA8B-8E2EC8BA63B1}.Debug|x64.ActiveCfg = Debug|x64
		{8675CE5F-CB17-4BE6-AA8B-8E2EC8BA63B1}.Debug|x64.Build.0 = Debug|x64
		{8675CE5F-CB17-4BE6-AA8B-8E2EC8BA63B1}.Debug|x86.ActiveCfg = Debug|x86
		{8675CE5F-CB17-4BE6-AA8B-8E2EC8BA63B1}.Debug|x86.Build.0 = Debug|x86
		{8675CE5F-CB17-4BE6-AA8B-8E2EC8BA63B1}.Release|Any CPU.ActiveCfg = Release|Any CPU
		{8675CE5F-CB17-4BE6-AA8B-8E2EC8BA63B1}.Release|Any CPU.Build.0 = Release|Any CPU
		{8675CE5F-CB17-4BE6-AA8B-8E2EC8BA63B1}.Release|x64.ActiveCfg = Release|x64
		{8675CE5F-CB17-4BE6-AA8B-8E2EC8BA63B1}.Release|x64.Build.0 = Release|x64
		{8675CE5F-CB17-4BE6-AA8B-8E2EC8BA63B1}.Release|x86.ActiveCfg = Release|x86
		{8675CE5F-CB17-4BE6-AA8B-8E2EC8BA63B1}.Release|x86.Build.0 = Release|x86
		{D1AA0DE2-B399-4994-94A4-A2CEB5C17820}.Debug|Any CPU.ActiveCfg = Debug|Any CPU
		{D1AA0DE2-B399-4994-94A4-A2CEB5C17820}.Debug|Any CPU.Build.0 = Debug|Any CPU
		{D1AA0DE2-B399-4994-94A4-A2CEB5C17820}.Debug|x64.ActiveCfg = Debug|x64
		{D1AA0DE2-B399-4994-94A4-A2CEB5C17820}.Debug|x64.Build.0 = Debug|x64
		{D1AA0DE2-B399-4994-94A4-A2CEB5C17820}.Debug|x86.ActiveCfg = Debug|x86
		{D1AA0DE2-B399-4994-94A4-A2CEB5C17820}.Debug|x86.Build.0 = Debug|x86
		{D1AA0DE2-B399-4994-94A4-A2CEB5C17820}.Release|Any CPU.ActiveCfg = Release|Any CPU
		{D1AA0DE2-B399-4994-94A4-A2CEB5C17820}.Release|Any CPU.Build.0 = Release|Any CPU
		{D1AA0DE2-B399-4994-94A4-A2CEB5C17820}.Release|x64.ActiveCfg = Release|x64
		{D1AA0DE2-B399-4994-94A4-A2CEB5C17820}.Release|x64.Build.0 = Release|x64
		{D1AA0DE2-B399-4994-94A4-A2CEB5C17820}.Release|x86.ActiveCfg = Release|x86
		{D1AA0DE2-B399-4994-94A4-A2CEB5C17820}.Release|x86.Build.0 = Release|x86
		{85867C6C-DAE1-4B03-BA50-746539F34E46}.Debug|Any CPU.ActiveCfg = Debug|Any CPU
		{85867C6C-DAE1-4B03-BA50-746539F34E46}.Debug|Any CPU.Build.0 = Debug|Any CPU
		{85867C6C-DAE1-4B03-BA50-746539F34E46}.Debug|x64.ActiveCfg = Debug|x64
		{85867C6C-DAE1-4B03-BA50-746539F34E46}.Debug|x64.Build.0 = Debug|x64
		{85867C6C-DAE1-4B03-BA50-746539F34E46}.Debug|x86.ActiveCfg = Debug|x86
		{85867C6C-DAE1-4B03-BA50-746539F34E46}.Debug|x86.Build.0 = Debug|x86
		{85867C6C-DAE1-4B03-BA50-746539F34E46}.Release|Any CPU.ActiveCfg = Release|Any CPU
		{85867C6C-DAE1-4B03-BA50-746539F34E46}.Release|Any CPU.Build.0 = Release|Any CPU
		{85867C6C-DAE1-4B03-BA50-746539F34E46}.Release|x64.ActiveCfg = Release|x64
		{85867C6C-DAE1-4B03-BA50-746539F34E46}.Release|x64.Build.0 = Release|x64
		{85867C6C-DAE1-4B03-BA50-746539F34E46}.Release|x86.ActiveCfg = Release|x86
		{85867C6C-DAE1-4B03-BA50-746539F34E46}.Release|x86.Build.0 = Release|x86
		{06D2730A-EB17-4EF4-AAE4-8BC6790127CB}.Debug|Any CPU.ActiveCfg = Debug|Any CPU
		{06D2730A-EB17-4EF4-AAE4-8BC6790127CB}.Debug|Any CPU.Build.0 = Debug|Any CPU
		{06D2730A-EB17-4EF4-AAE4-8BC6790127CB}.Debug|x64.ActiveCfg = Debug|x64
		{06D2730A-EB17-4EF4-AAE4-8BC6790127CB}.Debug|x64.Build.0 = Debug|x64
		{06D2730A-EB17-4EF4-AAE4-8BC6790127CB}.Debug|x86.ActiveCfg = Debug|x86
		{06D2730A-EB17-4EF4-AAE4-8BC6790127CB}.Debug|x86.Build.0 = Debug|x86
		{06D2730A-EB17-4EF4-AAE4-8BC6790127CB}.Release|Any CPU.ActiveCfg = Release|Any CPU
		{06D2730A-EB17-4EF4-AAE4-8BC6790127CB}.Release|Any CPU.Build.0 = Release|Any CPU
		{06D2730A-EB17-4EF4-AAE4-8BC6790127CB}.Release|x64.ActiveCfg = Release|x64
		{06D2730A-EB17-4EF4-AAE4-8BC6790127CB}.Release|x64.Build.0 = Release|x64
		{06D2730A-EB17-4EF4-AAE4-8BC6790127CB}.Release|x86.ActiveCfg = Release|x86
		{06D2730A-EB17-4EF4-AAE4-8BC6790127CB}.Release|x86.Build.0 = Release|x86
		{7478080D-7CCC-48C7-B4C8-B5756A110FE1}.Debug|Any CPU.ActiveCfg = Debug|Any CPU
		{7478080D-7CCC-48C7-B4C8-B5756A110FE1}.Debug|Any CPU.Build.0 = Debug|Any CPU
		{7478080D-7CCC-48C7-B4C8-B5756A110FE1}.Debug|x64.ActiveCfg = Debug|x64
		{7478080D-7CCC-48C7-B4C8-B5756A110FE1}.Debug|x64.Build.0 = Debug|x64
		{7478080D-7CCC-48C7-B4C8-B5756A110FE1}.Debug|x86.ActiveCfg = Debug|x86
		{7478080D-7CCC-48C7-B4C8-B5756A110FE1}.Debug|x86.Build.0 = Debug|x86
		{7478080D-7CCC-48C7-B4C8-B5756A110FE1}.Release|Any CPU.ActiveCfg = Release|Any CPU
		{7478080D-7CCC-48C7-B4C8-B5756A110FE1}.Release|Any CPU.Build.0 = Release|Any CPU
		{7478080D-7CCC-48C7-B4C8-B5756A110FE1}.Release|x64.ActiveCfg = Release|x64
		{7478080D-7CCC-48C7-B4C8-B5756A110FE1}.Release|x64.Build.0 = Release|x64
		{7478080D-7CCC-48C7-B4C8-B5756A110FE1}.Release|x86.ActiveCfg = Release|x86
		{7478080D-7CCC-48C7-B4C8-B5756A110FE1}.Release|x86.Build.0 = Release|x86
		{BA5D5D53-EC94-47E9-B8B8-AE95276C680D}.Debug|Any CPU.ActiveCfg = Debug|Any CPU
		{BA5D5D53-EC94-47E9-B8B8-AE95276C680D}.Debug|Any CPU.Build.0 = Debug|Any CPU
		{BA5D5D53-EC94-47E9-B8B8-AE95276C680D}.Debug|x64.ActiveCfg = Debug|x64
		{BA5D5D53-EC94-47E9-B8B8-AE95276C680D}.Debug|x64.Build.0 = Debug|x64
		{BA5D5D53-EC94-47E9-B8B8-AE95276C680D}.Debug|x86.ActiveCfg = Debug|x86
		{BA5D5D53-EC94-47E9-B8B8-AE95276C680D}.Debug|x86.Build.0 = Debug|x86
		{BA5D5D53-EC94-47E9-B8B8-AE95276C680D}.Release|Any CPU.ActiveCfg = Release|Any CPU
		{BA5D5D53-EC94-47E9-B8B8-AE95276C680D}.Release|Any CPU.Build.0 = Release|Any CPU
		{BA5D5D53-EC94-47E9-B8B8-AE95276C680D}.Release|x64.ActiveCfg = Release|x64
		{BA5D5D53-EC94-47E9-B8B8-AE95276C680D}.Release|x64.Build.0 = Release|x64
		{BA5D5D53-EC94-47E9-B8B8-AE95276C680D}.Release|x86.ActiveCfg = Release|x86
		{BA5D5D53-EC94-47E9-B8B8-AE95276C680D}.Release|x86.Build.0 = Release|x86
		{68233E87-B9A2-430A-9B34-E5A3CD6C2F2E}.Debug|Any CPU.ActiveCfg = Debug|Any CPU
		{68233E87-B9A2-430A-9B34-E5A3CD6C2F2E}.Debug|Any CPU.Build.0 = Debug|Any CPU
		{68233E87-B9A2-430A-9B34-E5A3CD6C2F2E}.Debug|x64.ActiveCfg = Debug|x64
		{68233E87-B9A2-430A-9B34-E5A3CD6C2F2E}.Debug|x64.Build.0 = Debug|x64
		{68233E87-B9A2-430A-9B34-E5A3CD6C2F2E}.Debug|x86.ActiveCfg = Debug|x86
		{68233E87-B9A2-430A-9B34-E5A3CD6C2F2E}.Debug|x86.Build.0 = Debug|x86
		{68233E87-B9A2-430A-9B34-E5A3CD6C2F2E}.Release|Any CPU.ActiveCfg = Release|Any CPU
		{68233E87-B9A2-430A-9B34-E5A3CD6C2F2E}.Release|Any CPU.Build.0 = Release|Any CPU
		{68233E87-B9A2-430A-9B34-E5A3CD6C2F2E}.Release|x64.ActiveCfg = Release|x64
		{68233E87-B9A2-430A-9B34-E5A3CD6C2F2E}.Release|x64.Build.0 = Release|x64
		{68233E87-B9A2-430A-9B34-E5A3CD6C2F2E}.Release|x86.ActiveCfg = Release|x86
		{68233E87-B9A2-430A-9B34-E5A3CD6C2F2E}.Release|x86.Build.0 = Release|x86
		{4DA18C61-5226-4EC7-97C7-7FCCA6E4602C}.Debug|Any CPU.ActiveCfg = Debug|Any CPU
		{4DA18C61-5226-4EC7-97C7-7FCCA6E4602C}.Debug|Any CPU.Build.0 = Debug|Any CPU
		{4DA18C61-5226-4EC7-97C7-7FCCA6E4602C}.Debug|x64.ActiveCfg = Debug|x64
		{4DA18C61-5226-4EC7-97C7-7FCCA6E4602C}.Debug|x64.Build.0 = Debug|x64
		{4DA18C61-5226-4EC7-97C7-7FCCA6E4602C}.Debug|x86.ActiveCfg = Debug|x86
		{4DA18C61-5226-4EC7-97C7-7FCCA6E4602C}.Debug|x86.Build.0 = Debug|x86
		{4DA18C61-5226-4EC7-97C7-7FCCA6E4602C}.Release|Any CPU.ActiveCfg = Release|Any CPU
		{4DA18C61-5226-4EC7-97C7-7FCCA6E4602C}.Release|Any CPU.Build.0 = Release|Any CPU
		{4DA18C61-5226-4EC7-97C7-7FCCA6E4602C}.Release|x64.ActiveCfg = Release|x64
		{4DA18C61-5226-4EC7-97C7-7FCCA6E4602C}.Release|x64.Build.0 = Release|x64
		{4DA18C61-5226-4EC7-97C7-7FCCA6E4602C}.Release|x86.ActiveCfg = Release|x86
		{4DA18C61-5226-4EC7-97C7-7FCCA6E4602C}.Release|x86.Build.0 = Release|x86
		{B6CC1D88-E68B-45E4-A880-32820D6328E6}.Debug|Any CPU.ActiveCfg = Debug|Any CPU
		{B6CC1D88-E68B-45E4-A880-32820D6328E6}.Debug|Any CPU.Build.0 = Debug|Any CPU
		{B6CC1D88-E68B-45E4-A880-32820D6328E6}.Debug|x64.ActiveCfg = Debug|x64
		{B6CC1D88-E68B-45E4-A880-32820D6328E6}.Debug|x64.Build.0 = Debug|x64
		{B6CC1D88-E68B-45E4-A880-32820D6328E6}.Debug|x86.ActiveCfg = Debug|x86
		{B6CC1D88-E68B-45E4-A880-32820D6328E6}.Debug|x86.Build.0 = Debug|x86
		{B6CC1D88-E68B-45E4-A880-32820D6328E6}.Release|Any CPU.ActiveCfg = Release|Any CPU
		{B6CC1D88-E68B-45E4-A880-32820D6328E6}.Release|Any CPU.Build.0 = Release|Any CPU
		{B6CC1D88-E68B-45E4-A880-32820D6328E6}.Release|x64.ActiveCfg = Release|x64
		{B6CC1D88-E68B-45E4-A880-32820D6328E6}.Release|x64.Build.0 = Release|x64
		{B6CC1D88-E68B-45E4-A880-32820D6328E6}.Release|x86.ActiveCfg = Release|x86
		{B6CC1D88-E68B-45E4-A880-32820D6328E6}.Release|x86.Build.0 = Release|x86
		{16EFE612-FCF7-497F-97EE-6BFC6A825DC5}.Debug|Any CPU.ActiveCfg = Debug|Any CPU
		{16EFE612-FCF7-497F-97EE-6BFC6A825DC5}.Debug|Any CPU.Build.0 = Debug|Any CPU
		{16EFE612-FCF7-497F-97EE-6BFC6A825DC5}.Debug|x64.ActiveCfg = Debug|x64
		{16EFE612-FCF7-497F-97EE-6BFC6A825DC5}.Debug|x64.Build.0 = Debug|x64
		{16EFE612-FCF7-497F-97EE-6BFC6A825DC5}.Debug|x86.ActiveCfg = Debug|x86
		{16EFE612-FCF7-497F-97EE-6BFC6A825DC5}.Debug|x86.Build.0 = Debug|x86
		{16EFE612-FCF7-497F-97EE-6BFC6A825DC5}.Release|Any CPU.ActiveCfg = Release|Any CPU
		{16EFE612-FCF7-497F-97EE-6BFC6A825DC5}.Release|Any CPU.Build.0 = Release|Any CPU
		{16EFE612-FCF7-497F-97EE-6BFC6A825DC5}.Release|x64.ActiveCfg = Release|x64
		{16EFE612-FCF7-497F-97EE-6BFC6A825DC5}.Release|x64.Build.0 = Release|x64
		{16EFE612-FCF7-497F-97EE-6BFC6A825DC5}.Release|x86.ActiveCfg = Release|x86
		{16EFE612-FCF7-497F-97EE-6BFC6A825DC5}.Release|x86.Build.0 = Release|x86
		{93FE4206-8BE9-4FDF-99A8-084FD377637A}.Debug|Any CPU.ActiveCfg = Debug|Any CPU
		{93FE4206-8BE9-4FDF-99A8-084FD377637A}.Debug|Any CPU.Build.0 = Debug|Any CPU
		{93FE4206-8BE9-4FDF-99A8-084FD377637A}.Debug|x64.ActiveCfg = Debug|x64
		{93FE4206-8BE9-4FDF-99A8-084FD377637A}.Debug|x64.Build.0 = Debug|x64
		{93FE4206-8BE9-4FDF-99A8-084FD377637A}.Debug|x86.ActiveCfg = Debug|x86
		{93FE4206-8BE9-4FDF-99A8-084FD377637A}.Debug|x86.Build.0 = Debug|x86
		{93FE4206-8BE9-4FDF-99A8-084FD377637A}.Release|Any CPU.ActiveCfg = Release|Any CPU
		{93FE4206-8BE9-4FDF-99A8-084FD377637A}.Release|Any CPU.Build.0 = Release|Any CPU
		{93FE4206-8BE9-4FDF-99A8-084FD377637A}.Release|x64.ActiveCfg = Release|x64
		{93FE4206-8BE9-4FDF-99A8-084FD377637A}.Release|x64.Build.0 = Release|x64
		{93FE4206-8BE9-4FDF-99A8-084FD377637A}.Release|x86.ActiveCfg = Release|x86
		{93FE4206-8BE9-4FDF-99A8-084FD377637A}.Release|x86.Build.0 = Release|x86
		{F7F1FC49-886F-4778-8725-27DA87FF3F94}.Debug|Any CPU.ActiveCfg = Debug|Any CPU
		{F7F1FC49-886F-4778-8725-27DA87FF3F94}.Debug|Any CPU.Build.0 = Debug|Any CPU
		{F7F1FC49-886F-4778-8725-27DA87FF3F94}.Debug|x64.ActiveCfg = Debug|x64
		{F7F1FC49-886F-4778-8725-27DA87FF3F94}.Debug|x64.Build.0 = Debug|x64
		{F7F1FC49-886F-4778-8725-27DA87FF3F94}.Debug|x86.ActiveCfg = Debug|x86
		{F7F1FC49-886F-4778-8725-27DA87FF3F94}.Debug|x86.Build.0 = Debug|x86
		{F7F1FC49-886F-4778-8725-27DA87FF3F94}.Release|Any CPU.ActiveCfg = Release|Any CPU
		{F7F1FC49-886F-4778-8725-27DA87FF3F94}.Release|Any CPU.Build.0 = Release|Any CPU
		{F7F1FC49-886F-4778-8725-27DA87FF3F94}.Release|x64.ActiveCfg = Release|x64
		{F7F1FC49-886F-4778-8725-27DA87FF3F94}.Release|x64.Build.0 = Release|x64
		{F7F1FC49-886F-4778-8725-27DA87FF3F94}.Release|x86.ActiveCfg = Release|x86
		{F7F1FC49-886F-4778-8725-27DA87FF3F94}.Release|x86.Build.0 = Release|x86
		{1BFD1B8E-3C02-4722-A0A9-4F1B4014F031}.Debug|Any CPU.ActiveCfg = Debug|Any CPU
		{1BFD1B8E-3C02-4722-A0A9-4F1B4014F031}.Debug|Any CPU.Build.0 = Debug|Any CPU
		{1BFD1B8E-3C02-4722-A0A9-4F1B4014F031}.Debug|x64.ActiveCfg = Debug|x64
		{1BFD1B8E-3C02-4722-A0A9-4F1B4014F031}.Debug|x64.Build.0 = Debug|x64
		{1BFD1B8E-3C02-4722-A0A9-4F1B4014F031}.Debug|x86.ActiveCfg = Debug|x86
		{1BFD1B8E-3C02-4722-A0A9-4F1B4014F031}.Debug|x86.Build.0 = Debug|x86
		{1BFD1B8E-3C02-4722-A0A9-4F1B4014F031}.Release|Any CPU.ActiveCfg = Release|Any CPU
		{1BFD1B8E-3C02-4722-A0A9-4F1B4014F031}.Release|Any CPU.Build.0 = Release|Any CPU
		{1BFD1B8E-3C02-4722-A0A9-4F1B4014F031}.Release|x64.ActiveCfg = Release|x64
		{1BFD1B8E-3C02-4722-A0A9-4F1B4014F031}.Release|x64.Build.0 = Release|x64
		{1BFD1B8E-3C02-4722-A0A9-4F1B4014F031}.Release|x86.ActiveCfg = Release|x86
		{1BFD1B8E-3C02-4722-A0A9-4F1B4014F031}.Release|x86.Build.0 = Release|x86
		{12629D9D-338E-4657-8416-4B529FA66299}.Debug|Any CPU.ActiveCfg = Debug|Any CPU
		{12629D9D-338E-4657-8416-4B529FA66299}.Debug|Any CPU.Build.0 = Debug|Any CPU
		{12629D9D-338E-4657-8416-4B529FA66299}.Debug|x64.ActiveCfg = Debug|x64
		{12629D9D-338E-4657-8416-4B529FA66299}.Debug|x64.Build.0 = Debug|x64
		{12629D9D-338E-4657-8416-4B529FA66299}.Debug|x86.ActiveCfg = Debug|x86
		{12629D9D-338E-4657-8416-4B529FA66299}.Debug|x86.Build.0 = Debug|x86
		{12629D9D-338E-4657-8416-4B529FA66299}.Release|Any CPU.ActiveCfg = Release|Any CPU
		{12629D9D-338E-4657-8416-4B529FA66299}.Release|Any CPU.Build.0 = Release|Any CPU
		{12629D9D-338E-4657-8416-4B529FA66299}.Release|x64.ActiveCfg = Release|x64
		{12629D9D-338E-4657-8416-4B529FA66299}.Release|x64.Build.0 = Release|x64
		{12629D9D-338E-4657-8416-4B529FA66299}.Release|x86.ActiveCfg = Release|x86
		{12629D9D-338E-4657-8416-4B529FA66299}.Release|x86.Build.0 = Release|x86
		{305EE0E6-66DA-4E05-B3F2-F0BECB08BC28}.Debug|Any CPU.ActiveCfg = Debug|Any CPU
		{305EE0E6-66DA-4E05-B3F2-F0BECB08BC28}.Debug|Any CPU.Build.0 = Debug|Any CPU
		{305EE0E6-66DA-4E05-B3F2-F0BECB08BC28}.Debug|x64.ActiveCfg = Debug|x64
		{305EE0E6-66DA-4E05-B3F2-F0BECB08BC28}.Debug|x64.Build.0 = Debug|x64
		{305EE0E6-66DA-4E05-B3F2-F0BECB08BC28}.Debug|x86.ActiveCfg = Debug|x86
		{305EE0E6-66DA-4E05-B3F2-F0BECB08BC28}.Debug|x86.Build.0 = Debug|x86
		{305EE0E6-66DA-4E05-B3F2-F0BECB08BC28}.Release|Any CPU.ActiveCfg = Release|Any CPU
		{305EE0E6-66DA-4E05-B3F2-F0BECB08BC28}.Release|Any CPU.Build.0 = Release|Any CPU
		{305EE0E6-66DA-4E05-B3F2-F0BECB08BC28}.Release|x64.ActiveCfg = Release|x64
		{305EE0E6-66DA-4E05-B3F2-F0BECB08BC28}.Release|x64.Build.0 = Release|x64
		{305EE0E6-66DA-4E05-B3F2-F0BECB08BC28}.Release|x86.ActiveCfg = Release|x86
		{305EE0E6-66DA-4E05-B3F2-F0BECB08BC28}.Release|x86.Build.0 = Release|x86
		{050B1BF2-F270-40CA-922F-951D2EEF8E77}.Debug|Any CPU.ActiveCfg = Debug|Any CPU
		{050B1BF2-F270-40CA-922F-951D2EEF8E77}.Debug|Any CPU.Build.0 = Debug|Any CPU
		{050B1BF2-F270-40CA-922F-951D2EEF8E77}.Debug|x64.ActiveCfg = Debug|x64
		{050B1BF2-F270-40CA-922F-951D2EEF8E77}.Debug|x64.Build.0 = Debug|x64
		{050B1BF2-F270-40CA-922F-951D2EEF8E77}.Debug|x86.ActiveCfg = Debug|x86
		{050B1BF2-F270-40CA-922F-951D2EEF8E77}.Debug|x86.Build.0 = Debug|x86
		{050B1BF2-F270-40CA-922F-951D2EEF8E77}.Release|Any CPU.ActiveCfg = Release|Any CPU
		{050B1BF2-F270-40CA-922F-951D2EEF8E77}.Release|Any CPU.Build.0 = Release|Any CPU
		{050B1BF2-F270-40CA-922F-951D2EEF8E77}.Release|x64.ActiveCfg = Release|x64
		{050B1BF2-F270-40CA-922F-951D2EEF8E77}.Release|x64.Build.0 = Release|x64
		{050B1BF2-F270-40CA-922F-951D2EEF8E77}.Release|x86.ActiveCfg = Release|x86
		{050B1BF2-F270-40CA-922F-951D2EEF8E77}.Release|x86.Build.0 = Release|x86
		{E996788A-615B-4332-96E1-CE241523E1C8}.Debug|Any CPU.ActiveCfg = Debug|Any CPU
		{E996788A-615B-4332-96E1-CE241523E1C8}.Debug|Any CPU.Build.0 = Debug|Any CPU
		{E996788A-615B-4332-96E1-CE241523E1C8}.Debug|x64.ActiveCfg = Debug|x64
		{E996788A-615B-4332-96E1-CE241523E1C8}.Debug|x64.Build.0 = Debug|x64
		{E996788A-615B-4332-96E1-CE241523E1C8}.Debug|x86.ActiveCfg = Debug|x86
		{E996788A-615B-4332-96E1-CE241523E1C8}.Debug|x86.Build.0 = Debug|x86
		{E996788A-615B-4332-96E1-CE241523E1C8}.Release|Any CPU.ActiveCfg = Release|Any CPU
		{E996788A-615B-4332-96E1-CE241523E1C8}.Release|Any CPU.Build.0 = Release|Any CPU
		{E996788A-615B-4332-96E1-CE241523E1C8}.Release|x64.ActiveCfg = Release|x64
		{E996788A-615B-4332-96E1-CE241523E1C8}.Release|x64.Build.0 = Release|x64
		{E996788A-615B-4332-96E1-CE241523E1C8}.Release|x86.ActiveCfg = Release|x86
		{E996788A-615B-4332-96E1-CE241523E1C8}.Release|x86.Build.0 = Release|x86
		{F1FA947A-E6EC-48A3-9479-AE4DB6A5DA4C}.Debug|Any CPU.ActiveCfg = Debug|Any CPU
		{F1FA947A-E6EC-48A3-9479-AE4DB6A5DA4C}.Debug|Any CPU.Build.0 = Debug|Any CPU
		{F1FA947A-E6EC-48A3-9479-AE4DB6A5DA4C}.Debug|x64.ActiveCfg = Debug|x64
		{F1FA947A-E6EC-48A3-9479-AE4DB6A5DA4C}.Debug|x64.Build.0 = Debug|x64
		{F1FA947A-E6EC-48A3-9479-AE4DB6A5DA4C}.Debug|x86.ActiveCfg = Debug|x86
		{F1FA947A-E6EC-48A3-9479-AE4DB6A5DA4C}.Debug|x86.Build.0 = Debug|x86
		{F1FA947A-E6EC-48A3-9479-AE4DB6A5DA4C}.Release|Any CPU.ActiveCfg = Release|Any CPU
		{F1FA947A-E6EC-48A3-9479-AE4DB6A5DA4C}.Release|Any CPU.Build.0 = Release|Any CPU
		{F1FA947A-E6EC-48A3-9479-AE4DB6A5DA4C}.Release|x64.ActiveCfg = Release|x64
		{F1FA947A-E6EC-48A3-9479-AE4DB6A5DA4C}.Release|x64.Build.0 = Release|x64
		{F1FA947A-E6EC-48A3-9479-AE4DB6A5DA4C}.Release|x86.ActiveCfg = Release|x86
		{F1FA947A-E6EC-48A3-9479-AE4DB6A5DA4C}.Release|x86.Build.0 = Release|x86
		{879BEC80-4189-4F10-8718-5D172ADB6159}.Debug|Any CPU.ActiveCfg = Debug|Any CPU
		{879BEC80-4189-4F10-8718-5D172ADB6159}.Debug|Any CPU.Build.0 = Debug|Any CPU
		{879BEC80-4189-4F10-8718-5D172ADB6159}.Debug|x64.ActiveCfg = Debug|x64
		{879BEC80-4189-4F10-8718-5D172ADB6159}.Debug|x64.Build.0 = Debug|x64
		{879BEC80-4189-4F10-8718-5D172ADB6159}.Debug|x86.ActiveCfg = Debug|x86
		{879BEC80-4189-4F10-8718-5D172ADB6159}.Debug|x86.Build.0 = Debug|x86
		{879BEC80-4189-4F10-8718-5D172ADB6159}.Release|Any CPU.ActiveCfg = Release|Any CPU
		{879BEC80-4189-4F10-8718-5D172ADB6159}.Release|Any CPU.Build.0 = Release|Any CPU
		{879BEC80-4189-4F10-8718-5D172ADB6159}.Release|x64.ActiveCfg = Release|x64
		{879BEC80-4189-4F10-8718-5D172ADB6159}.Release|x64.Build.0 = Release|x64
		{879BEC80-4189-4F10-8718-5D172ADB6159}.Release|x86.ActiveCfg = Release|x86
		{879BEC80-4189-4F10-8718-5D172ADB6159}.Release|x86.Build.0 = Release|x86
		{72743634-CB91-4D61-B74D-6D44AFCE5BD9}.Debug|Any CPU.ActiveCfg = Debug|Any CPU
		{72743634-CB91-4D61-B74D-6D44AFCE5BD9}.Debug|Any CPU.Build.0 = Debug|Any CPU
		{72743634-CB91-4D61-B74D-6D44AFCE5BD9}.Debug|x64.ActiveCfg = Debug|x64
		{72743634-CB91-4D61-B74D-6D44AFCE5BD9}.Debug|x64.Build.0 = Debug|x64
		{72743634-CB91-4D61-B74D-6D44AFCE5BD9}.Debug|x86.ActiveCfg = Debug|x86
		{72743634-CB91-4D61-B74D-6D44AFCE5BD9}.Debug|x86.Build.0 = Debug|x86
		{72743634-CB91-4D61-B74D-6D44AFCE5BD9}.Release|Any CPU.ActiveCfg = Release|Any CPU
		{72743634-CB91-4D61-B74D-6D44AFCE5BD9}.Release|Any CPU.Build.0 = Release|Any CPU
		{72743634-CB91-4D61-B74D-6D44AFCE5BD9}.Release|x64.ActiveCfg = Release|x64
		{72743634-CB91-4D61-B74D-6D44AFCE5BD9}.Release|x64.Build.0 = Release|x64
		{72743634-CB91-4D61-B74D-6D44AFCE5BD9}.Release|x86.ActiveCfg = Release|x86
		{72743634-CB91-4D61-B74D-6D44AFCE5BD9}.Release|x86.Build.0 = Release|x86
		{255C32D7-C9E5-4188-8413-FC1FE1523E56}.Debug|Any CPU.ActiveCfg = Debug|Any CPU
		{255C32D7-C9E5-4188-8413-FC1FE1523E56}.Debug|Any CPU.Build.0 = Debug|Any CPU
		{255C32D7-C9E5-4188-8413-FC1FE1523E56}.Debug|x64.ActiveCfg = Debug|x64
		{255C32D7-C9E5-4188-8413-FC1FE1523E56}.Debug|x64.Build.0 = Debug|x64
		{255C32D7-C9E5-4188-8413-FC1FE1523E56}.Debug|x86.ActiveCfg = Debug|x86
		{255C32D7-C9E5-4188-8413-FC1FE1523E56}.Debug|x86.Build.0 = Debug|x86
		{255C32D7-C9E5-4188-8413-FC1FE1523E56}.Release|Any CPU.ActiveCfg = Release|Any CPU
		{255C32D7-C9E5-4188-8413-FC1FE1523E56}.Release|Any CPU.Build.0 = Release|Any CPU
		{255C32D7-C9E5-4188-8413-FC1FE1523E56}.Release|x64.ActiveCfg = Release|x64
		{255C32D7-C9E5-4188-8413-FC1FE1523E56}.Release|x64.Build.0 = Release|x64
		{255C32D7-C9E5-4188-8413-FC1FE1523E56}.Release|x86.ActiveCfg = Release|x86
		{255C32D7-C9E5-4188-8413-FC1FE1523E56}.Release|x86.Build.0 = Release|x86
		{EB9B8ED2-6EB6-4D79-97F5-72499DFDB95A}.Debug|Any CPU.ActiveCfg = Debug|Any CPU
		{EB9B8ED2-6EB6-4D79-97F5-72499DFDB95A}.Debug|Any CPU.Build.0 = Debug|Any CPU
		{EB9B8ED2-6EB6-4D79-97F5-72499DFDB95A}.Debug|x64.ActiveCfg = Debug|x64
		{EB9B8ED2-6EB6-4D79-97F5-72499DFDB95A}.Debug|x64.Build.0 = Debug|x64
		{EB9B8ED2-6EB6-4D79-97F5-72499DFDB95A}.Debug|x86.ActiveCfg = Debug|x86
		{EB9B8ED2-6EB6-4D79-97F5-72499DFDB95A}.Debug|x86.Build.0 = Debug|x86
		{EB9B8ED2-6EB6-4D79-97F5-72499DFDB95A}.Release|Any CPU.ActiveCfg = Release|Any CPU
		{EB9B8ED2-6EB6-4D79-97F5-72499DFDB95A}.Release|Any CPU.Build.0 = Release|Any CPU
		{EB9B8ED2-6EB6-4D79-97F5-72499DFDB95A}.Release|x64.ActiveCfg = Release|x64
		{EB9B8ED2-6EB6-4D79-97F5-72499DFDB95A}.Release|x64.Build.0 = Release|x64
		{EB9B8ED2-6EB6-4D79-97F5-72499DFDB95A}.Release|x86.ActiveCfg = Release|x86
		{EB9B8ED2-6EB6-4D79-97F5-72499DFDB95A}.Release|x86.Build.0 = Release|x86
		{9265D436-2441-40DA-B0BF-F143D6F23577}.Debug|Any CPU.ActiveCfg = Debug|Any CPU
		{9265D436-2441-40DA-B0BF-F143D6F23577}.Debug|Any CPU.Build.0 = Debug|Any CPU
		{9265D436-2441-40DA-B0BF-F143D6F23577}.Debug|x64.ActiveCfg = Debug|x64
		{9265D436-2441-40DA-B0BF-F143D6F23577}.Debug|x64.Build.0 = Debug|x64
		{9265D436-2441-40DA-B0BF-F143D6F23577}.Debug|x86.ActiveCfg = Debug|x86
		{9265D436-2441-40DA-B0BF-F143D6F23577}.Debug|x86.Build.0 = Debug|x86
		{9265D436-2441-40DA-B0BF-F143D6F23577}.Release|Any CPU.ActiveCfg = Release|Any CPU
		{9265D436-2441-40DA-B0BF-F143D6F23577}.Release|Any CPU.Build.0 = Release|Any CPU
		{9265D436-2441-40DA-B0BF-F143D6F23577}.Release|x64.ActiveCfg = Release|x64
		{9265D436-2441-40DA-B0BF-F143D6F23577}.Release|x64.Build.0 = Release|x64
		{9265D436-2441-40DA-B0BF-F143D6F23577}.Release|x86.ActiveCfg = Release|x86
		{9265D436-2441-40DA-B0BF-F143D6F23577}.Release|x86.Build.0 = Release|x86
		{AB9BFC70-826B-4EDD-8CB7-0AC99DBD4ACB}.Debug|Any CPU.ActiveCfg = Debug|Any CPU
		{AB9BFC70-826B-4EDD-8CB7-0AC99DBD4ACB}.Debug|Any CPU.Build.0 = Debug|Any CPU
		{AB9BFC70-826B-4EDD-8CB7-0AC99DBD4ACB}.Debug|x64.ActiveCfg = Debug|x64
		{AB9BFC70-826B-4EDD-8CB7-0AC99DBD4ACB}.Debug|x64.Build.0 = Debug|x64
		{AB9BFC70-826B-4EDD-8CB7-0AC99DBD4ACB}.Debug|x86.ActiveCfg = Debug|x86
		{AB9BFC70-826B-4EDD-8CB7-0AC99DBD4ACB}.Debug|x86.Build.0 = Debug|x86
		{AB9BFC70-826B-4EDD-8CB7-0AC99DBD4ACB}.Release|Any CPU.ActiveCfg = Release|Any CPU
		{AB9BFC70-826B-4EDD-8CB7-0AC99DBD4ACB}.Release|Any CPU.Build.0 = Release|Any CPU
		{AB9BFC70-826B-4EDD-8CB7-0AC99DBD4ACB}.Release|x64.ActiveCfg = Release|x64
		{AB9BFC70-826B-4EDD-8CB7-0AC99DBD4ACB}.Release|x64.Build.0 = Release|x64
		{AB9BFC70-826B-4EDD-8CB7-0AC99DBD4ACB}.Release|x86.ActiveCfg = Release|x86
		{AB9BFC70-826B-4EDD-8CB7-0AC99DBD4ACB}.Release|x86.Build.0 = Release|x86
		{BA1B05E9-907F-4479-A776-25243FDEDB58}.Debug|Any CPU.ActiveCfg = Debug|Any CPU
		{BA1B05E9-907F-4479-A776-25243FDEDB58}.Debug|Any CPU.Build.0 = Debug|Any CPU
		{BA1B05E9-907F-4479-A776-25243FDEDB58}.Debug|x64.ActiveCfg = Debug|x64
		{BA1B05E9-907F-4479-A776-25243FDEDB58}.Debug|x64.Build.0 = Debug|x64
		{BA1B05E9-907F-4479-A776-25243FDEDB58}.Debug|x86.ActiveCfg = Debug|x86
		{BA1B05E9-907F-4479-A776-25243FDEDB58}.Debug|x86.Build.0 = Debug|x86
		{BA1B05E9-907F-4479-A776-25243FDEDB58}.Release|Any CPU.ActiveCfg = Release|Any CPU
		{BA1B05E9-907F-4479-A776-25243FDEDB58}.Release|Any CPU.Build.0 = Release|Any CPU
		{BA1B05E9-907F-4479-A776-25243FDEDB58}.Release|x64.ActiveCfg = Release|x64
		{BA1B05E9-907F-4479-A776-25243FDEDB58}.Release|x64.Build.0 = Release|x64
		{BA1B05E9-907F-4479-A776-25243FDEDB58}.Release|x86.ActiveCfg = Release|x86
		{BA1B05E9-907F-4479-A776-25243FDEDB58}.Release|x86.Build.0 = Release|x86
		{C241296C-713E-4AE1-B0E4-64C28FF1206C}.Debug|Any CPU.ActiveCfg = Debug|Any CPU
		{C241296C-713E-4AE1-B0E4-64C28FF1206C}.Debug|Any CPU.Build.0 = Debug|Any CPU
		{C241296C-713E-4AE1-B0E4-64C28FF1206C}.Debug|x64.ActiveCfg = Debug|x64
		{C241296C-713E-4AE1-B0E4-64C28FF1206C}.Debug|x64.Build.0 = Debug|x64
		{C241296C-713E-4AE1-B0E4-64C28FF1206C}.Debug|x86.ActiveCfg = Debug|x86
		{C241296C-713E-4AE1-B0E4-64C28FF1206C}.Debug|x86.Build.0 = Debug|x86
		{C241296C-713E-4AE1-B0E4-64C28FF1206C}.Release|Any CPU.ActiveCfg = Release|Any CPU
		{C241296C-713E-4AE1-B0E4-64C28FF1206C}.Release|Any CPU.Build.0 = Release|Any CPU
		{C241296C-713E-4AE1-B0E4-64C28FF1206C}.Release|x64.ActiveCfg = Release|x64
		{C241296C-713E-4AE1-B0E4-64C28FF1206C}.Release|x64.Build.0 = Release|x64
		{C241296C-713E-4AE1-B0E4-64C28FF1206C}.Release|x86.ActiveCfg = Release|x86
		{C241296C-713E-4AE1-B0E4-64C28FF1206C}.Release|x86.Build.0 = Release|x86
		{8022D47A-2228-4179-8C94-AADA3D42AE9C}.Debug|Any CPU.ActiveCfg = Debug|Any CPU
		{8022D47A-2228-4179-8C94-AADA3D42AE9C}.Debug|Any CPU.Build.0 = Debug|Any CPU
		{8022D47A-2228-4179-8C94-AADA3D42AE9C}.Debug|x64.ActiveCfg = Debug|x64
		{8022D47A-2228-4179-8C94-AADA3D42AE9C}.Debug|x64.Build.0 = Debug|x64
		{8022D47A-2228-4179-8C94-AADA3D42AE9C}.Debug|x86.ActiveCfg = Debug|x86
		{8022D47A-2228-4179-8C94-AADA3D42AE9C}.Debug|x86.Build.0 = Debug|x86
		{8022D47A-2228-4179-8C94-AADA3D42AE9C}.Release|Any CPU.ActiveCfg = Release|Any CPU
		{8022D47A-2228-4179-8C94-AADA3D42AE9C}.Release|Any CPU.Build.0 = Release|Any CPU
		{8022D47A-2228-4179-8C94-AADA3D42AE9C}.Release|x64.ActiveCfg = Release|x64
		{8022D47A-2228-4179-8C94-AADA3D42AE9C}.Release|x64.Build.0 = Release|x64
		{8022D47A-2228-4179-8C94-AADA3D42AE9C}.Release|x86.ActiveCfg = Release|x86
		{8022D47A-2228-4179-8C94-AADA3D42AE9C}.Release|x86.Build.0 = Release|x86
		{BE9693DB-93BD-4D2C-B3C5-2BEC09ACBB92}.Debug|Any CPU.ActiveCfg = Debug|Any CPU
		{BE9693DB-93BD-4D2C-B3C5-2BEC09ACBB92}.Debug|Any CPU.Build.0 = Debug|Any CPU
		{BE9693DB-93BD-4D2C-B3C5-2BEC09ACBB92}.Debug|x64.ActiveCfg = Debug|x64
		{BE9693DB-93BD-4D2C-B3C5-2BEC09ACBB92}.Debug|x64.Build.0 = Debug|x64
		{BE9693DB-93BD-4D2C-B3C5-2BEC09ACBB92}.Debug|x86.ActiveCfg = Debug|x86
		{BE9693DB-93BD-4D2C-B3C5-2BEC09ACBB92}.Debug|x86.Build.0 = Debug|x86
		{BE9693DB-93BD-4D2C-B3C5-2BEC09ACBB92}.Release|Any CPU.ActiveCfg = Release|Any CPU
		{BE9693DB-93BD-4D2C-B3C5-2BEC09ACBB92}.Release|Any CPU.Build.0 = Release|Any CPU
		{BE9693DB-93BD-4D2C-B3C5-2BEC09ACBB92}.Release|x64.ActiveCfg = Release|x64
		{BE9693DB-93BD-4D2C-B3C5-2BEC09ACBB92}.Release|x64.Build.0 = Release|x64
		{BE9693DB-93BD-4D2C-B3C5-2BEC09ACBB92}.Release|x86.ActiveCfg = Release|x86
		{BE9693DB-93BD-4D2C-B3C5-2BEC09ACBB92}.Release|x86.Build.0 = Release|x86
		{03211A6B-EB24-4AEA-940B-56CC061FEDF0}.Debug|Any CPU.ActiveCfg = Debug|Any CPU
		{03211A6B-EB24-4AEA-940B-56CC061FEDF0}.Debug|Any CPU.Build.0 = Debug|Any CPU
		{03211A6B-EB24-4AEA-940B-56CC061FEDF0}.Debug|x64.ActiveCfg = Debug|x64
		{03211A6B-EB24-4AEA-940B-56CC061FEDF0}.Debug|x64.Build.0 = Debug|x64
		{03211A6B-EB24-4AEA-940B-56CC061FEDF0}.Debug|x86.ActiveCfg = Debug|x86
		{03211A6B-EB24-4AEA-940B-56CC061FEDF0}.Debug|x86.Build.0 = Debug|x86
		{03211A6B-EB24-4AEA-940B-56CC061FEDF0}.Release|Any CPU.ActiveCfg = Release|Any CPU
		{03211A6B-EB24-4AEA-940B-56CC061FEDF0}.Release|Any CPU.Build.0 = Release|Any CPU
		{03211A6B-EB24-4AEA-940B-56CC061FEDF0}.Release|x64.ActiveCfg = Release|x64
		{03211A6B-EB24-4AEA-940B-56CC061FEDF0}.Release|x64.Build.0 = Release|x64
		{03211A6B-EB24-4AEA-940B-56CC061FEDF0}.Release|x86.ActiveCfg = Release|x86
		{03211A6B-EB24-4AEA-940B-56CC061FEDF0}.Release|x86.Build.0 = Release|x86
		{CC269502-4E87-4498-B852-29B2B071C4E5}.Debug|Any CPU.ActiveCfg = Debug|Any CPU
		{CC269502-4E87-4498-B852-29B2B071C4E5}.Debug|Any CPU.Build.0 = Debug|Any CPU
		{CC269502-4E87-4498-B852-29B2B071C4E5}.Debug|x64.ActiveCfg = Debug|x64
		{CC269502-4E87-4498-B852-29B2B071C4E5}.Debug|x64.Build.0 = Debug|x64
		{CC269502-4E87-4498-B852-29B2B071C4E5}.Debug|x86.ActiveCfg = Debug|x86
		{CC269502-4E87-4498-B852-29B2B071C4E5}.Debug|x86.Build.0 = Debug|x86
		{CC269502-4E87-4498-B852-29B2B071C4E5}.Release|Any CPU.ActiveCfg = Release|Any CPU
		{CC269502-4E87-4498-B852-29B2B071C4E5}.Release|Any CPU.Build.0 = Release|Any CPU
		{CC269502-4E87-4498-B852-29B2B071C4E5}.Release|x64.ActiveCfg = Release|x64
		{CC269502-4E87-4498-B852-29B2B071C4E5}.Release|x64.Build.0 = Release|x64
		{CC269502-4E87-4498-B852-29B2B071C4E5}.Release|x86.ActiveCfg = Release|x86
		{CC269502-4E87-4498-B852-29B2B071C4E5}.Release|x86.Build.0 = Release|x86
		{9046287C-3B8F-41BC-AC1F-E19F5BD43C61}.Debug|Any CPU.ActiveCfg = Debug|Any CPU
		{9046287C-3B8F-41BC-AC1F-E19F5BD43C61}.Debug|Any CPU.Build.0 = Debug|Any CPU
		{9046287C-3B8F-41BC-AC1F-E19F5BD43C61}.Debug|x64.ActiveCfg = Debug|x64
		{9046287C-3B8F-41BC-AC1F-E19F5BD43C61}.Debug|x64.Build.0 = Debug|x64
		{9046287C-3B8F-41BC-AC1F-E19F5BD43C61}.Debug|x86.ActiveCfg = Debug|x86
		{9046287C-3B8F-41BC-AC1F-E19F5BD43C61}.Debug|x86.Build.0 = Debug|x86
		{9046287C-3B8F-41BC-AC1F-E19F5BD43C61}.Release|Any CPU.ActiveCfg = Release|Any CPU
		{9046287C-3B8F-41BC-AC1F-E19F5BD43C61}.Release|Any CPU.Build.0 = Release|Any CPU
		{9046287C-3B8F-41BC-AC1F-E19F5BD43C61}.Release|x64.ActiveCfg = Release|x64
		{9046287C-3B8F-41BC-AC1F-E19F5BD43C61}.Release|x64.Build.0 = Release|x64
		{9046287C-3B8F-41BC-AC1F-E19F5BD43C61}.Release|x86.ActiveCfg = Release|x86
		{9046287C-3B8F-41BC-AC1F-E19F5BD43C61}.Release|x86.Build.0 = Release|x86
		{96EF63D2-9234-4CA0-8259-3C3CE886C58D}.Debug|Any CPU.ActiveCfg = Debug|Any CPU
		{96EF63D2-9234-4CA0-8259-3C3CE886C58D}.Debug|Any CPU.Build.0 = Debug|Any CPU
		{96EF63D2-9234-4CA0-8259-3C3CE886C58D}.Debug|x64.ActiveCfg = Debug|x64
		{96EF63D2-9234-4CA0-8259-3C3CE886C58D}.Debug|x64.Build.0 = Debug|x64
		{96EF63D2-9234-4CA0-8259-3C3CE886C58D}.Debug|x86.ActiveCfg = Debug|x86
		{96EF63D2-9234-4CA0-8259-3C3CE886C58D}.Debug|x86.Build.0 = Debug|x86
		{96EF63D2-9234-4CA0-8259-3C3CE886C58D}.Release|Any CPU.ActiveCfg = Release|Any CPU
		{96EF63D2-9234-4CA0-8259-3C3CE886C58D}.Release|Any CPU.Build.0 = Release|Any CPU
		{96EF63D2-9234-4CA0-8259-3C3CE886C58D}.Release|x64.ActiveCfg = Release|x64
		{96EF63D2-9234-4CA0-8259-3C3CE886C58D}.Release|x64.Build.0 = Release|x64
		{96EF63D2-9234-4CA0-8259-3C3CE886C58D}.Release|x86.ActiveCfg = Release|x86
		{96EF63D2-9234-4CA0-8259-3C3CE886C58D}.Release|x86.Build.0 = Release|x86
		{1BFE6793-D6C2-4844-A0B8-BBC552212D42}.Debug|Any CPU.ActiveCfg = Debug|Any CPU
		{1BFE6793-D6C2-4844-A0B8-BBC552212D42}.Debug|Any CPU.Build.0 = Debug|Any CPU
		{1BFE6793-D6C2-4844-A0B8-BBC552212D42}.Debug|x64.ActiveCfg = Debug|x64
		{1BFE6793-D6C2-4844-A0B8-BBC552212D42}.Debug|x64.Build.0 = Debug|x64
		{1BFE6793-D6C2-4844-A0B8-BBC552212D42}.Debug|x86.ActiveCfg = Debug|x86
		{1BFE6793-D6C2-4844-A0B8-BBC552212D42}.Debug|x86.Build.0 = Debug|x86
		{1BFE6793-D6C2-4844-A0B8-BBC552212D42}.Release|Any CPU.ActiveCfg = Release|Any CPU
		{1BFE6793-D6C2-4844-A0B8-BBC552212D42}.Release|Any CPU.Build.0 = Release|Any CPU
		{1BFE6793-D6C2-4844-A0B8-BBC552212D42}.Release|x64.ActiveCfg = Release|x64
		{1BFE6793-D6C2-4844-A0B8-BBC552212D42}.Release|x64.Build.0 = Release|x64
		{1BFE6793-D6C2-4844-A0B8-BBC552212D42}.Release|x86.ActiveCfg = Release|x86
		{1BFE6793-D6C2-4844-A0B8-BBC552212D42}.Release|x86.Build.0 = Release|x86
		{3B903902-4C92-4081-9803-E369967F4351}.Debug|Any CPU.ActiveCfg = Debug|Any CPU
		{3B903902-4C92-4081-9803-E369967F4351}.Debug|Any CPU.Build.0 = Debug|Any CPU
		{3B903902-4C92-4081-9803-E369967F4351}.Debug|x64.ActiveCfg = Debug|x64
		{3B903902-4C92-4081-9803-E369967F4351}.Debug|x64.Build.0 = Debug|x64
		{3B903902-4C92-4081-9803-E369967F4351}.Debug|x86.ActiveCfg = Debug|x86
		{3B903902-4C92-4081-9803-E369967F4351}.Debug|x86.Build.0 = Debug|x86
		{3B903902-4C92-4081-9803-E369967F4351}.Release|Any CPU.ActiveCfg = Release|Any CPU
		{3B903902-4C92-4081-9803-E369967F4351}.Release|Any CPU.Build.0 = Release|Any CPU
		{3B903902-4C92-4081-9803-E369967F4351}.Release|x64.ActiveCfg = Release|x64
		{3B903902-4C92-4081-9803-E369967F4351}.Release|x64.Build.0 = Release|x64
		{3B903902-4C92-4081-9803-E369967F4351}.Release|x86.ActiveCfg = Release|x86
		{3B903902-4C92-4081-9803-E369967F4351}.Release|x86.Build.0 = Release|x86
		{0517D495-6582-4B5B-90D9-3EC3786172D5}.Debug|Any CPU.ActiveCfg = Debug|Any CPU
		{0517D495-6582-4B5B-90D9-3EC3786172D5}.Debug|Any CPU.Build.0 = Debug|Any CPU
		{0517D495-6582-4B5B-90D9-3EC3786172D5}.Debug|x64.ActiveCfg = Debug|x64
		{0517D495-6582-4B5B-90D9-3EC3786172D5}.Debug|x64.Build.0 = Debug|x64
		{0517D495-6582-4B5B-90D9-3EC3786172D5}.Debug|x86.ActiveCfg = Debug|x86
		{0517D495-6582-4B5B-90D9-3EC3786172D5}.Debug|x86.Build.0 = Debug|x86
		{0517D495-6582-4B5B-90D9-3EC3786172D5}.Release|Any CPU.ActiveCfg = Release|Any CPU
		{0517D495-6582-4B5B-90D9-3EC3786172D5}.Release|Any CPU.Build.0 = Release|Any CPU
		{0517D495-6582-4B5B-90D9-3EC3786172D5}.Release|x64.ActiveCfg = Release|x64
		{0517D495-6582-4B5B-90D9-3EC3786172D5}.Release|x64.Build.0 = Release|x64
		{0517D495-6582-4B5B-90D9-3EC3786172D5}.Release|x86.ActiveCfg = Release|x86
		{0517D495-6582-4B5B-90D9-3EC3786172D5}.Release|x86.Build.0 = Release|x86
		{FE5AED0B-8720-4ABC-B435-46AD31B8AA20}.Debug|Any CPU.ActiveCfg = Debug|Any CPU
		{FE5AED0B-8720-4ABC-B435-46AD31B8AA20}.Debug|Any CPU.Build.0 = Debug|Any CPU
		{FE5AED0B-8720-4ABC-B435-46AD31B8AA20}.Debug|x64.ActiveCfg = Debug|x64
		{FE5AED0B-8720-4ABC-B435-46AD31B8AA20}.Debug|x64.Build.0 = Debug|x64
		{FE5AED0B-8720-4ABC-B435-46AD31B8AA20}.Debug|x86.ActiveCfg = Debug|x86
		{FE5AED0B-8720-4ABC-B435-46AD31B8AA20}.Debug|x86.Build.0 = Debug|x86
		{FE5AED0B-8720-4ABC-B435-46AD31B8AA20}.Release|Any CPU.ActiveCfg = Release|Any CPU
		{FE5AED0B-8720-4ABC-B435-46AD31B8AA20}.Release|Any CPU.Build.0 = Release|Any CPU
		{FE5AED0B-8720-4ABC-B435-46AD31B8AA20}.Release|x64.ActiveCfg = Release|x64
		{FE5AED0B-8720-4ABC-B435-46AD31B8AA20}.Release|x64.Build.0 = Release|x64
		{FE5AED0B-8720-4ABC-B435-46AD31B8AA20}.Release|x86.ActiveCfg = Release|x86
		{FE5AED0B-8720-4ABC-B435-46AD31B8AA20}.Release|x86.Build.0 = Release|x86
		{A7E15E09-16F2-4058-A212-739539C21636}.Debug|Any CPU.ActiveCfg = Debug|Any CPU
		{A7E15E09-16F2-4058-A212-739539C21636}.Debug|Any CPU.Build.0 = Debug|Any CPU
		{A7E15E09-16F2-4058-A212-739539C21636}.Debug|x64.ActiveCfg = Debug|x64
		{A7E15E09-16F2-4058-A212-739539C21636}.Debug|x64.Build.0 = Debug|x64
		{A7E15E09-16F2-4058-A212-739539C21636}.Debug|x86.ActiveCfg = Debug|x86
		{A7E15E09-16F2-4058-A212-739539C21636}.Debug|x86.Build.0 = Debug|x86
		{A7E15E09-16F2-4058-A212-739539C21636}.Release|Any CPU.ActiveCfg = Release|Any CPU
		{A7E15E09-16F2-4058-A212-739539C21636}.Release|Any CPU.Build.0 = Release|Any CPU
		{A7E15E09-16F2-4058-A212-739539C21636}.Release|x64.ActiveCfg = Release|x64
		{A7E15E09-16F2-4058-A212-739539C21636}.Release|x64.Build.0 = Release|x64
		{A7E15E09-16F2-4058-A212-739539C21636}.Release|x86.ActiveCfg = Release|x86
		{A7E15E09-16F2-4058-A212-739539C21636}.Release|x86.Build.0 = Release|x86
		{750A8677-B1EC-4C40-8B6B-0CA209DDA2D9}.Debug|Any CPU.ActiveCfg = Debug|Any CPU
		{750A8677-B1EC-4C40-8B6B-0CA209DDA2D9}.Debug|Any CPU.Build.0 = Debug|Any CPU
		{750A8677-B1EC-4C40-8B6B-0CA209DDA2D9}.Debug|x64.ActiveCfg = Debug|x64
		{750A8677-B1EC-4C40-8B6B-0CA209DDA2D9}.Debug|x64.Build.0 = Debug|x64
		{750A8677-B1EC-4C40-8B6B-0CA209DDA2D9}.Debug|x86.ActiveCfg = Debug|x86
		{750A8677-B1EC-4C40-8B6B-0CA209DDA2D9}.Debug|x86.Build.0 = Debug|x86
		{750A8677-B1EC-4C40-8B6B-0CA209DDA2D9}.Release|Any CPU.ActiveCfg = Release|Any CPU
		{750A8677-B1EC-4C40-8B6B-0CA209DDA2D9}.Release|Any CPU.Build.0 = Release|Any CPU
		{750A8677-B1EC-4C40-8B6B-0CA209DDA2D9}.Release|x64.ActiveCfg = Release|x64
		{750A8677-B1EC-4C40-8B6B-0CA209DDA2D9}.Release|x64.Build.0 = Release|x64
		{750A8677-B1EC-4C40-8B6B-0CA209DDA2D9}.Release|x86.ActiveCfg = Release|x86
		{750A8677-B1EC-4C40-8B6B-0CA209DDA2D9}.Release|x86.Build.0 = Release|x86
		{42BDB9E7-2631-441A-9516-2098EBFE28EB}.Debug|Any CPU.ActiveCfg = Debug|Any CPU
		{42BDB9E7-2631-441A-9516-2098EBFE28EB}.Debug|Any CPU.Build.0 = Debug|Any CPU
		{42BDB9E7-2631-441A-9516-2098EBFE28EB}.Debug|x64.ActiveCfg = Debug|x64
		{42BDB9E7-2631-441A-9516-2098EBFE28EB}.Debug|x64.Build.0 = Debug|x64
		{42BDB9E7-2631-441A-9516-2098EBFE28EB}.Debug|x86.ActiveCfg = Debug|x86
		{42BDB9E7-2631-441A-9516-2098EBFE28EB}.Debug|x86.Build.0 = Debug|x86
		{42BDB9E7-2631-441A-9516-2098EBFE28EB}.Release|Any CPU.ActiveCfg = Release|Any CPU
		{42BDB9E7-2631-441A-9516-2098EBFE28EB}.Release|Any CPU.Build.0 = Release|Any CPU
		{42BDB9E7-2631-441A-9516-2098EBFE28EB}.Release|x64.ActiveCfg = Release|x64
		{42BDB9E7-2631-441A-9516-2098EBFE28EB}.Release|x64.Build.0 = Release|x64
		{42BDB9E7-2631-441A-9516-2098EBFE28EB}.Release|x86.ActiveCfg = Release|x86
		{42BDB9E7-2631-441A-9516-2098EBFE28EB}.Release|x86.Build.0 = Release|x86
		{82BAF51B-245C-44B4-A77A-D529225F050B}.Debug|Any CPU.ActiveCfg = Debug|Any CPU
		{82BAF51B-245C-44B4-A77A-D529225F050B}.Debug|Any CPU.Build.0 = Debug|Any CPU
		{82BAF51B-245C-44B4-A77A-D529225F050B}.Debug|x64.ActiveCfg = Debug|x64
		{82BAF51B-245C-44B4-A77A-D529225F050B}.Debug|x64.Build.0 = Debug|x64
		{82BAF51B-245C-44B4-A77A-D529225F050B}.Debug|x86.ActiveCfg = Debug|x86
		{82BAF51B-245C-44B4-A77A-D529225F050B}.Debug|x86.Build.0 = Debug|x86
		{82BAF51B-245C-44B4-A77A-D529225F050B}.Release|Any CPU.ActiveCfg = Release|Any CPU
		{82BAF51B-245C-44B4-A77A-D529225F050B}.Release|Any CPU.Build.0 = Release|Any CPU
		{82BAF51B-245C-44B4-A77A-D529225F050B}.Release|x64.ActiveCfg = Release|x64
		{82BAF51B-245C-44B4-A77A-D529225F050B}.Release|x64.Build.0 = Release|x64
		{82BAF51B-245C-44B4-A77A-D529225F050B}.Release|x86.ActiveCfg = Release|x86
		{82BAF51B-245C-44B4-A77A-D529225F050B}.Release|x86.Build.0 = Release|x86
		{23DE324E-4F46-461B-9056-85B3A270A306}.Debug|Any CPU.ActiveCfg = Debug|Any CPU
		{23DE324E-4F46-461B-9056-85B3A270A306}.Debug|Any CPU.Build.0 = Debug|Any CPU
		{23DE324E-4F46-461B-9056-85B3A270A306}.Debug|x64.ActiveCfg = Debug|x64
		{23DE324E-4F46-461B-9056-85B3A270A306}.Debug|x64.Build.0 = Debug|x64
		{23DE324E-4F46-461B-9056-85B3A270A306}.Debug|x86.ActiveCfg = Debug|x86
		{23DE324E-4F46-461B-9056-85B3A270A306}.Debug|x86.Build.0 = Debug|x86
		{23DE324E-4F46-461B-9056-85B3A270A306}.Release|Any CPU.ActiveCfg = Release|Any CPU
		{23DE324E-4F46-461B-9056-85B3A270A306}.Release|Any CPU.Build.0 = Release|Any CPU
		{23DE324E-4F46-461B-9056-85B3A270A306}.Release|x64.ActiveCfg = Release|x64
		{23DE324E-4F46-461B-9056-85B3A270A306}.Release|x64.Build.0 = Release|x64
		{23DE324E-4F46-461B-9056-85B3A270A306}.Release|x86.ActiveCfg = Release|x86
		{23DE324E-4F46-461B-9056-85B3A270A306}.Release|x86.Build.0 = Release|x86
		{4C2252D0-EAB6-4F0B-9EDC-52FCBAFDD5C8}.Debug|Any CPU.ActiveCfg = Debug|Any CPU
		{4C2252D0-EAB6-4F0B-9EDC-52FCBAFDD5C8}.Debug|Any CPU.Build.0 = Debug|Any CPU
		{4C2252D0-EAB6-4F0B-9EDC-52FCBAFDD5C8}.Debug|x64.ActiveCfg = Debug|x64
		{4C2252D0-EAB6-4F0B-9EDC-52FCBAFDD5C8}.Debug|x64.Build.0 = Debug|x64
		{4C2252D0-EAB6-4F0B-9EDC-52FCBAFDD5C8}.Debug|x86.ActiveCfg = Debug|x86
		{4C2252D0-EAB6-4F0B-9EDC-52FCBAFDD5C8}.Debug|x86.Build.0 = Debug|x86
		{4C2252D0-EAB6-4F0B-9EDC-52FCBAFDD5C8}.Release|Any CPU.ActiveCfg = Release|Any CPU
		{4C2252D0-EAB6-4F0B-9EDC-52FCBAFDD5C8}.Release|Any CPU.Build.0 = Release|Any CPU
		{4C2252D0-EAB6-4F0B-9EDC-52FCBAFDD5C8}.Release|x64.ActiveCfg = Release|x64
		{4C2252D0-EAB6-4F0B-9EDC-52FCBAFDD5C8}.Release|x64.Build.0 = Release|x64
		{4C2252D0-EAB6-4F0B-9EDC-52FCBAFDD5C8}.Release|x86.ActiveCfg = Release|x86
		{4C2252D0-EAB6-4F0B-9EDC-52FCBAFDD5C8}.Release|x86.Build.0 = Release|x86
		{5DB5DF80-5002-4D70-8B09-CBB6D99F9F54}.Debug|Any CPU.ActiveCfg = Debug|Any CPU
		{5DB5DF80-5002-4D70-8B09-CBB6D99F9F54}.Debug|Any CPU.Build.0 = Debug|Any CPU
		{5DB5DF80-5002-4D70-8B09-CBB6D99F9F54}.Debug|x64.ActiveCfg = Debug|x64
		{5DB5DF80-5002-4D70-8B09-CBB6D99F9F54}.Debug|x64.Build.0 = Debug|x64
		{5DB5DF80-5002-4D70-8B09-CBB6D99F9F54}.Debug|x86.ActiveCfg = Debug|x86
		{5DB5DF80-5002-4D70-8B09-CBB6D99F9F54}.Debug|x86.Build.0 = Debug|x86
		{5DB5DF80-5002-4D70-8B09-CBB6D99F9F54}.Release|Any CPU.ActiveCfg = Release|Any CPU
		{5DB5DF80-5002-4D70-8B09-CBB6D99F9F54}.Release|Any CPU.Build.0 = Release|Any CPU
		{5DB5DF80-5002-4D70-8B09-CBB6D99F9F54}.Release|x64.ActiveCfg = Release|x64
		{5DB5DF80-5002-4D70-8B09-CBB6D99F9F54}.Release|x64.Build.0 = Release|x64
		{5DB5DF80-5002-4D70-8B09-CBB6D99F9F54}.Release|x86.ActiveCfg = Release|x86
		{5DB5DF80-5002-4D70-8B09-CBB6D99F9F54}.Release|x86.Build.0 = Release|x86
		{16452419-2CC6-4717-9637-38A42957BE2A}.Debug|Any CPU.ActiveCfg = Debug|Any CPU
		{16452419-2CC6-4717-9637-38A42957BE2A}.Debug|Any CPU.Build.0 = Debug|Any CPU
		{16452419-2CC6-4717-9637-38A42957BE2A}.Debug|x64.ActiveCfg = Debug|x64
		{16452419-2CC6-4717-9637-38A42957BE2A}.Debug|x64.Build.0 = Debug|x64
		{16452419-2CC6-4717-9637-38A42957BE2A}.Debug|x86.ActiveCfg = Debug|x86
		{16452419-2CC6-4717-9637-38A42957BE2A}.Debug|x86.Build.0 = Debug|x86
		{16452419-2CC6-4717-9637-38A42957BE2A}.Release|Any CPU.ActiveCfg = Release|Any CPU
		{16452419-2CC6-4717-9637-38A42957BE2A}.Release|Any CPU.Build.0 = Release|Any CPU
		{16452419-2CC6-4717-9637-38A42957BE2A}.Release|x64.ActiveCfg = Release|x64
		{16452419-2CC6-4717-9637-38A42957BE2A}.Release|x64.Build.0 = Release|x64
		{16452419-2CC6-4717-9637-38A42957BE2A}.Release|x86.ActiveCfg = Release|x86
		{16452419-2CC6-4717-9637-38A42957BE2A}.Release|x86.Build.0 = Release|x86
		{F4D8854D-A25E-4E5E-90E5-6EBB7B913E1F}.Debug|Any CPU.ActiveCfg = Debug|Any CPU
		{F4D8854D-A25E-4E5E-90E5-6EBB7B913E1F}.Debug|Any CPU.Build.0 = Debug|Any CPU
		{F4D8854D-A25E-4E5E-90E5-6EBB7B913E1F}.Debug|x64.ActiveCfg = Debug|x64
		{F4D8854D-A25E-4E5E-90E5-6EBB7B913E1F}.Debug|x64.Build.0 = Debug|x64
		{F4D8854D-A25E-4E5E-90E5-6EBB7B913E1F}.Debug|x86.ActiveCfg = Debug|x86
		{F4D8854D-A25E-4E5E-90E5-6EBB7B913E1F}.Debug|x86.Build.0 = Debug|x86
		{F4D8854D-A25E-4E5E-90E5-6EBB7B913E1F}.Release|Any CPU.ActiveCfg = Release|Any CPU
		{F4D8854D-A25E-4E5E-90E5-6EBB7B913E1F}.Release|Any CPU.Build.0 = Release|Any CPU
		{F4D8854D-A25E-4E5E-90E5-6EBB7B913E1F}.Release|x64.ActiveCfg = Release|x64
		{F4D8854D-A25E-4E5E-90E5-6EBB7B913E1F}.Release|x64.Build.0 = Release|x64
		{F4D8854D-A25E-4E5E-90E5-6EBB7B913E1F}.Release|x86.ActiveCfg = Release|x86
		{F4D8854D-A25E-4E5E-90E5-6EBB7B913E1F}.Release|x86.Build.0 = Release|x86
		{AB80B331-7CF2-4EB1-A59F-AB8612E86E61}.Debug|Any CPU.ActiveCfg = Debug|Any CPU
		{AB80B331-7CF2-4EB1-A59F-AB8612E86E61}.Debug|Any CPU.Build.0 = Debug|Any CPU
		{AB80B331-7CF2-4EB1-A59F-AB8612E86E61}.Debug|x64.ActiveCfg = Debug|x64
		{AB80B331-7CF2-4EB1-A59F-AB8612E86E61}.Debug|x64.Build.0 = Debug|x64
		{AB80B331-7CF2-4EB1-A59F-AB8612E86E61}.Debug|x86.ActiveCfg = Debug|x86
		{AB80B331-7CF2-4EB1-A59F-AB8612E86E61}.Debug|x86.Build.0 = Debug|x86
		{AB80B331-7CF2-4EB1-A59F-AB8612E86E61}.Release|Any CPU.ActiveCfg = Release|Any CPU
		{AB80B331-7CF2-4EB1-A59F-AB8612E86E61}.Release|Any CPU.Build.0 = Release|Any CPU
		{AB80B331-7CF2-4EB1-A59F-AB8612E86E61}.Release|x64.ActiveCfg = Release|x64
		{AB80B331-7CF2-4EB1-A59F-AB8612E86E61}.Release|x64.Build.0 = Release|x64
		{AB80B331-7CF2-4EB1-A59F-AB8612E86E61}.Release|x86.ActiveCfg = Release|x86
		{AB80B331-7CF2-4EB1-A59F-AB8612E86E61}.Release|x86.Build.0 = Release|x86
		{F1BE37B3-14C5-436C-B882-DE20F2FA017E}.Debug|Any CPU.ActiveCfg = Debug|Any CPU
		{F1BE37B3-14C5-436C-B882-DE20F2FA017E}.Debug|Any CPU.Build.0 = Debug|Any CPU
		{F1BE37B3-14C5-436C-B882-DE20F2FA017E}.Debug|x64.ActiveCfg = Debug|x64
		{F1BE37B3-14C5-436C-B882-DE20F2FA017E}.Debug|x64.Build.0 = Debug|x64
		{F1BE37B3-14C5-436C-B882-DE20F2FA017E}.Debug|x86.ActiveCfg = Debug|x86
		{F1BE37B3-14C5-436C-B882-DE20F2FA017E}.Debug|x86.Build.0 = Debug|x86
		{F1BE37B3-14C5-436C-B882-DE20F2FA017E}.Release|Any CPU.ActiveCfg = Release|Any CPU
		{F1BE37B3-14C5-436C-B882-DE20F2FA017E}.Release|Any CPU.Build.0 = Release|Any CPU
		{F1BE37B3-14C5-436C-B882-DE20F2FA017E}.Release|x64.ActiveCfg = Release|x64
		{F1BE37B3-14C5-436C-B882-DE20F2FA017E}.Release|x64.Build.0 = Release|x64
		{F1BE37B3-14C5-436C-B882-DE20F2FA017E}.Release|x86.ActiveCfg = Release|x86
		{F1BE37B3-14C5-436C-B882-DE20F2FA017E}.Release|x86.Build.0 = Release|x86
		{D23F1C8F-0049-405D-B5A1-D570CEED5F8B}.Debug|Any CPU.ActiveCfg = Debug|Any CPU
		{D23F1C8F-0049-405D-B5A1-D570CEED5F8B}.Debug|Any CPU.Build.0 = Debug|Any CPU
		{D23F1C8F-0049-405D-B5A1-D570CEED5F8B}.Debug|x64.ActiveCfg = Debug|x64
		{D23F1C8F-0049-405D-B5A1-D570CEED5F8B}.Debug|x64.Build.0 = Debug|x64
		{D23F1C8F-0049-405D-B5A1-D570CEED5F8B}.Debug|x86.ActiveCfg = Debug|x86
		{D23F1C8F-0049-405D-B5A1-D570CEED5F8B}.Debug|x86.Build.0 = Debug|x86
		{D23F1C8F-0049-405D-B5A1-D570CEED5F8B}.Release|Any CPU.ActiveCfg = Release|Any CPU
		{D23F1C8F-0049-405D-B5A1-D570CEED5F8B}.Release|Any CPU.Build.0 = Release|Any CPU
		{D23F1C8F-0049-405D-B5A1-D570CEED5F8B}.Release|x64.ActiveCfg = Release|x64
		{D23F1C8F-0049-405D-B5A1-D570CEED5F8B}.Release|x64.Build.0 = Release|x64
		{D23F1C8F-0049-405D-B5A1-D570CEED5F8B}.Release|x86.ActiveCfg = Release|x86
		{D23F1C8F-0049-405D-B5A1-D570CEED5F8B}.Release|x86.Build.0 = Release|x86
		{3FDD196F-1B1A-48ED-91B4-276CD91B3310}.Debug|Any CPU.ActiveCfg = Debug|Any CPU
		{3FDD196F-1B1A-48ED-91B4-276CD91B3310}.Debug|Any CPU.Build.0 = Debug|Any CPU
		{3FDD196F-1B1A-48ED-91B4-276CD91B3310}.Debug|x64.ActiveCfg = Debug|x64
		{3FDD196F-1B1A-48ED-91B4-276CD91B3310}.Debug|x64.Build.0 = Debug|x64
		{3FDD196F-1B1A-48ED-91B4-276CD91B3310}.Debug|x86.ActiveCfg = Debug|x86
		{3FDD196F-1B1A-48ED-91B4-276CD91B3310}.Debug|x86.Build.0 = Debug|x86
		{3FDD196F-1B1A-48ED-91B4-276CD91B3310}.Release|Any CPU.ActiveCfg = Release|Any CPU
		{3FDD196F-1B1A-48ED-91B4-276CD91B3310}.Release|Any CPU.Build.0 = Release|Any CPU
		{3FDD196F-1B1A-48ED-91B4-276CD91B3310}.Release|x64.ActiveCfg = Release|x64
		{3FDD196F-1B1A-48ED-91B4-276CD91B3310}.Release|x64.Build.0 = Release|x64
		{3FDD196F-1B1A-48ED-91B4-276CD91B3310}.Release|x86.ActiveCfg = Release|x86
		{3FDD196F-1B1A-48ED-91B4-276CD91B3310}.Release|x86.Build.0 = Release|x86
		{5B68D99F-588C-4E59-BEDC-AF9C843A30C9}.Debug|Any CPU.ActiveCfg = Debug|Any CPU
		{5B68D99F-588C-4E59-BEDC-AF9C843A30C9}.Debug|Any CPU.Build.0 = Debug|Any CPU
		{5B68D99F-588C-4E59-BEDC-AF9C843A30C9}.Debug|x64.ActiveCfg = Debug|x64
		{5B68D99F-588C-4E59-BEDC-AF9C843A30C9}.Debug|x64.Build.0 = Debug|x64
		{5B68D99F-588C-4E59-BEDC-AF9C843A30C9}.Debug|x86.ActiveCfg = Debug|x86
		{5B68D99F-588C-4E59-BEDC-AF9C843A30C9}.Debug|x86.Build.0 = Debug|x86
		{5B68D99F-588C-4E59-BEDC-AF9C843A30C9}.Release|Any CPU.ActiveCfg = Release|Any CPU
		{5B68D99F-588C-4E59-BEDC-AF9C843A30C9}.Release|Any CPU.Build.0 = Release|Any CPU
		{5B68D99F-588C-4E59-BEDC-AF9C843A30C9}.Release|x64.ActiveCfg = Release|x64
		{5B68D99F-588C-4E59-BEDC-AF9C843A30C9}.Release|x64.Build.0 = Release|x64
		{5B68D99F-588C-4E59-BEDC-AF9C843A30C9}.Release|x86.ActiveCfg = Release|x86
		{5B68D99F-588C-4E59-BEDC-AF9C843A30C9}.Release|x86.Build.0 = Release|x86
		{2591538B-F871-4DF8-9521-D4C559EF05DF}.Debug|Any CPU.ActiveCfg = Debug|Any CPU
		{2591538B-F871-4DF8-9521-D4C559EF05DF}.Debug|Any CPU.Build.0 = Debug|Any CPU
		{2591538B-F871-4DF8-9521-D4C559EF05DF}.Debug|x64.ActiveCfg = Debug|x64
		{2591538B-F871-4DF8-9521-D4C559EF05DF}.Debug|x64.Build.0 = Debug|x64
		{2591538B-F871-4DF8-9521-D4C559EF05DF}.Debug|x86.ActiveCfg = Debug|x86
		{2591538B-F871-4DF8-9521-D4C559EF05DF}.Debug|x86.Build.0 = Debug|x86
		{2591538B-F871-4DF8-9521-D4C559EF05DF}.Release|Any CPU.ActiveCfg = Release|Any CPU
		{2591538B-F871-4DF8-9521-D4C559EF05DF}.Release|Any CPU.Build.0 = Release|Any CPU
		{2591538B-F871-4DF8-9521-D4C559EF05DF}.Release|x64.ActiveCfg = Release|x64
		{2591538B-F871-4DF8-9521-D4C559EF05DF}.Release|x64.Build.0 = Release|x64
		{2591538B-F871-4DF8-9521-D4C559EF05DF}.Release|x86.ActiveCfg = Release|x86
		{2591538B-F871-4DF8-9521-D4C559EF05DF}.Release|x86.Build.0 = Release|x86
		{72F6D214-342D-40B1-9937-DA87438EFA31}.Debug|Any CPU.ActiveCfg = Debug|Any CPU
		{72F6D214-342D-40B1-9937-DA87438EFA31}.Debug|Any CPU.Build.0 = Debug|Any CPU
		{72F6D214-342D-40B1-9937-DA87438EFA31}.Debug|x64.ActiveCfg = Debug|x64
		{72F6D214-342D-40B1-9937-DA87438EFA31}.Debug|x64.Build.0 = Debug|x64
		{72F6D214-342D-40B1-9937-DA87438EFA31}.Debug|x86.ActiveCfg = Debug|x86
		{72F6D214-342D-40B1-9937-DA87438EFA31}.Debug|x86.Build.0 = Debug|x86
		{72F6D214-342D-40B1-9937-DA87438EFA31}.Release|Any CPU.ActiveCfg = Release|Any CPU
		{72F6D214-342D-40B1-9937-DA87438EFA31}.Release|Any CPU.Build.0 = Release|Any CPU
		{72F6D214-342D-40B1-9937-DA87438EFA31}.Release|x64.ActiveCfg = Release|x64
		{72F6D214-342D-40B1-9937-DA87438EFA31}.Release|x64.Build.0 = Release|x64
		{72F6D214-342D-40B1-9937-DA87438EFA31}.Release|x86.ActiveCfg = Release|x86
		{72F6D214-342D-40B1-9937-DA87438EFA31}.Release|x86.Build.0 = Release|x86
		{1660750C-254F-41B4-9D81-E4060FB4E78B}.Debug|Any CPU.ActiveCfg = Debug|Any CPU
		{1660750C-254F-41B4-9D81-E4060FB4E78B}.Debug|Any CPU.Build.0 = Debug|Any CPU
		{1660750C-254F-41B4-9D81-E4060FB4E78B}.Debug|x64.ActiveCfg = Debug|x64
		{1660750C-254F-41B4-9D81-E4060FB4E78B}.Debug|x64.Build.0 = Debug|x64
		{1660750C-254F-41B4-9D81-E4060FB4E78B}.Debug|x86.ActiveCfg = Debug|x86
		{1660750C-254F-41B4-9D81-E4060FB4E78B}.Debug|x86.Build.0 = Debug|x86
		{1660750C-254F-41B4-9D81-E4060FB4E78B}.Release|Any CPU.ActiveCfg = Release|Any CPU
		{1660750C-254F-41B4-9D81-E4060FB4E78B}.Release|Any CPU.Build.0 = Release|Any CPU
		{1660750C-254F-41B4-9D81-E4060FB4E78B}.Release|x64.ActiveCfg = Release|x64
		{1660750C-254F-41B4-9D81-E4060FB4E78B}.Release|x64.Build.0 = Release|x64
		{1660750C-254F-41B4-9D81-E4060FB4E78B}.Release|x86.ActiveCfg = Release|x86
		{1660750C-254F-41B4-9D81-E4060FB4E78B}.Release|x86.Build.0 = Release|x86
		{1B30F99B-1A9D-42F7-BFD1-51969617FFE5}.Debug|Any CPU.ActiveCfg = Debug|Any CPU
		{1B30F99B-1A9D-42F7-BFD1-51969617FFE5}.Debug|Any CPU.Build.0 = Debug|Any CPU
		{1B30F99B-1A9D-42F7-BFD1-51969617FFE5}.Debug|x64.ActiveCfg = Debug|x64
		{1B30F99B-1A9D-42F7-BFD1-51969617FFE5}.Debug|x64.Build.0 = Debug|x64
		{1B30F99B-1A9D-42F7-BFD1-51969617FFE5}.Debug|x86.ActiveCfg = Debug|x86
		{1B30F99B-1A9D-42F7-BFD1-51969617FFE5}.Debug|x86.Build.0 = Debug|x86
		{1B30F99B-1A9D-42F7-BFD1-51969617FFE5}.Release|Any CPU.ActiveCfg = Release|Any CPU
		{1B30F99B-1A9D-42F7-BFD1-51969617FFE5}.Release|Any CPU.Build.0 = Release|Any CPU
		{1B30F99B-1A9D-42F7-BFD1-51969617FFE5}.Release|x64.ActiveCfg = Release|x64
		{1B30F99B-1A9D-42F7-BFD1-51969617FFE5}.Release|x64.Build.0 = Release|x64
		{1B30F99B-1A9D-42F7-BFD1-51969617FFE5}.Release|x86.ActiveCfg = Release|x86
		{1B30F99B-1A9D-42F7-BFD1-51969617FFE5}.Release|x86.Build.0 = Release|x86
		{0B7A61ED-1CB3-4C82-AD53-93F6925083FF}.Debug|Any CPU.ActiveCfg = Debug|Any CPU
		{0B7A61ED-1CB3-4C82-AD53-93F6925083FF}.Debug|Any CPU.Build.0 = Debug|Any CPU
		{0B7A61ED-1CB3-4C82-AD53-93F6925083FF}.Debug|x64.ActiveCfg = Debug|x64
		{0B7A61ED-1CB3-4C82-AD53-93F6925083FF}.Debug|x64.Build.0 = Debug|x64
		{0B7A61ED-1CB3-4C82-AD53-93F6925083FF}.Debug|x86.ActiveCfg = Debug|x86
		{0B7A61ED-1CB3-4C82-AD53-93F6925083FF}.Debug|x86.Build.0 = Debug|x86
		{0B7A61ED-1CB3-4C82-AD53-93F6925083FF}.Release|Any CPU.ActiveCfg = Release|Any CPU
		{0B7A61ED-1CB3-4C82-AD53-93F6925083FF}.Release|Any CPU.Build.0 = Release|Any CPU
		{0B7A61ED-1CB3-4C82-AD53-93F6925083FF}.Release|x64.ActiveCfg = Release|x64
		{0B7A61ED-1CB3-4C82-AD53-93F6925083FF}.Release|x64.Build.0 = Release|x64
		{0B7A61ED-1CB3-4C82-AD53-93F6925083FF}.Release|x86.ActiveCfg = Release|x86
		{0B7A61ED-1CB3-4C82-AD53-93F6925083FF}.Release|x86.Build.0 = Release|x86
		{30D68F71-7A3F-46F8-AFEE-7CCF533B6C27}.Debug|Any CPU.ActiveCfg = Debug|Any CPU
		{30D68F71-7A3F-46F8-AFEE-7CCF533B6C27}.Debug|Any CPU.Build.0 = Debug|Any CPU
		{30D68F71-7A3F-46F8-AFEE-7CCF533B6C27}.Debug|x64.ActiveCfg = Debug|x64
		{30D68F71-7A3F-46F8-AFEE-7CCF533B6C27}.Debug|x64.Build.0 = Debug|x64
		{30D68F71-7A3F-46F8-AFEE-7CCF533B6C27}.Debug|x86.ActiveCfg = Debug|x86
		{30D68F71-7A3F-46F8-AFEE-7CCF533B6C27}.Debug|x86.Build.0 = Debug|x86
		{30D68F71-7A3F-46F8-AFEE-7CCF533B6C27}.Release|Any CPU.ActiveCfg = Release|Any CPU
		{30D68F71-7A3F-46F8-AFEE-7CCF533B6C27}.Release|Any CPU.Build.0 = Release|Any CPU
		{30D68F71-7A3F-46F8-AFEE-7CCF533B6C27}.Release|x64.ActiveCfg = Release|x64
		{30D68F71-7A3F-46F8-AFEE-7CCF533B6C27}.Release|x64.Build.0 = Release|x64
		{30D68F71-7A3F-46F8-AFEE-7CCF533B6C27}.Release|x86.ActiveCfg = Release|x86
		{30D68F71-7A3F-46F8-AFEE-7CCF533B6C27}.Release|x86.Build.0 = Release|x86
		{F8250E79-DB3F-4C88-A907-DDAA12C6BB15}.Debug|Any CPU.ActiveCfg = Debug|Any CPU
		{F8250E79-DB3F-4C88-A907-DDAA12C6BB15}.Debug|Any CPU.Build.0 = Debug|Any CPU
		{F8250E79-DB3F-4C88-A907-DDAA12C6BB15}.Debug|x64.ActiveCfg = Debug|x64
		{F8250E79-DB3F-4C88-A907-DDAA12C6BB15}.Debug|x64.Build.0 = Debug|x64
		{F8250E79-DB3F-4C88-A907-DDAA12C6BB15}.Debug|x86.ActiveCfg = Debug|x86
		{F8250E79-DB3F-4C88-A907-DDAA12C6BB15}.Debug|x86.Build.0 = Debug|x86
		{F8250E79-DB3F-4C88-A907-DDAA12C6BB15}.Release|Any CPU.ActiveCfg = Release|Any CPU
		{F8250E79-DB3F-4C88-A907-DDAA12C6BB15}.Release|Any CPU.Build.0 = Release|Any CPU
		{F8250E79-DB3F-4C88-A907-DDAA12C6BB15}.Release|x64.ActiveCfg = Release|x64
		{F8250E79-DB3F-4C88-A907-DDAA12C6BB15}.Release|x64.Build.0 = Release|x64
		{F8250E79-DB3F-4C88-A907-DDAA12C6BB15}.Release|x86.ActiveCfg = Release|x86
		{F8250E79-DB3F-4C88-A907-DDAA12C6BB15}.Release|x86.Build.0 = Release|x86
		{F8D934DE-DA1D-4CAC-92DB-B3456876FAB9}.Debug|Any CPU.ActiveCfg = Debug|Any CPU
		{F8D934DE-DA1D-4CAC-92DB-B3456876FAB9}.Debug|Any CPU.Build.0 = Debug|Any CPU
		{F8D934DE-DA1D-4CAC-92DB-B3456876FAB9}.Debug|x64.ActiveCfg = Debug|x64
		{F8D934DE-DA1D-4CAC-92DB-B3456876FAB9}.Debug|x64.Build.0 = Debug|x64
		{F8D934DE-DA1D-4CAC-92DB-B3456876FAB9}.Debug|x86.ActiveCfg = Debug|x86
		{F8D934DE-DA1D-4CAC-92DB-B3456876FAB9}.Debug|x86.Build.0 = Debug|x86
		{F8D934DE-DA1D-4CAC-92DB-B3456876FAB9}.Release|Any CPU.ActiveCfg = Release|Any CPU
		{F8D934DE-DA1D-4CAC-92DB-B3456876FAB9}.Release|Any CPU.Build.0 = Release|Any CPU
		{F8D934DE-DA1D-4CAC-92DB-B3456876FAB9}.Release|x64.ActiveCfg = Release|x64
		{F8D934DE-DA1D-4CAC-92DB-B3456876FAB9}.Release|x64.Build.0 = Release|x64
		{F8D934DE-DA1D-4CAC-92DB-B3456876FAB9}.Release|x86.ActiveCfg = Release|x86
		{F8D934DE-DA1D-4CAC-92DB-B3456876FAB9}.Release|x86.Build.0 = Release|x86
		{50237301-317C-4EF1-827B-0B68CDAB3FD3}.Debug|Any CPU.ActiveCfg = Debug|Any CPU
		{50237301-317C-4EF1-827B-0B68CDAB3FD3}.Debug|Any CPU.Build.0 = Debug|Any CPU
		{50237301-317C-4EF1-827B-0B68CDAB3FD3}.Debug|x64.ActiveCfg = Debug|x64
		{50237301-317C-4EF1-827B-0B68CDAB3FD3}.Debug|x64.Build.0 = Debug|x64
		{50237301-317C-4EF1-827B-0B68CDAB3FD3}.Debug|x86.ActiveCfg = Debug|x86
		{50237301-317C-4EF1-827B-0B68CDAB3FD3}.Debug|x86.Build.0 = Debug|x86
		{50237301-317C-4EF1-827B-0B68CDAB3FD3}.Release|Any CPU.ActiveCfg = Release|Any CPU
		{50237301-317C-4EF1-827B-0B68CDAB3FD3}.Release|Any CPU.Build.0 = Release|Any CPU
		{50237301-317C-4EF1-827B-0B68CDAB3FD3}.Release|x64.ActiveCfg = Release|x64
		{50237301-317C-4EF1-827B-0B68CDAB3FD3}.Release|x64.Build.0 = Release|x64
		{50237301-317C-4EF1-827B-0B68CDAB3FD3}.Release|x86.ActiveCfg = Release|x86
		{50237301-317C-4EF1-827B-0B68CDAB3FD3}.Release|x86.Build.0 = Release|x86
		{E90D7056-F9A2-4AA1-AC16-B19B2BEAEF51}.Debug|Any CPU.ActiveCfg = Debug|Any CPU
		{E90D7056-F9A2-4AA1-AC16-B19B2BEAEF51}.Debug|Any CPU.Build.0 = Debug|Any CPU
		{E90D7056-F9A2-4AA1-AC16-B19B2BEAEF51}.Debug|x64.ActiveCfg = Debug|x64
		{E90D7056-F9A2-4AA1-AC16-B19B2BEAEF51}.Debug|x64.Build.0 = Debug|x64
		{E90D7056-F9A2-4AA1-AC16-B19B2BEAEF51}.Debug|x86.ActiveCfg = Debug|x86
		{E90D7056-F9A2-4AA1-AC16-B19B2BEAEF51}.Debug|x86.Build.0 = Debug|x86
		{E90D7056-F9A2-4AA1-AC16-B19B2BEAEF51}.Release|Any CPU.ActiveCfg = Release|Any CPU
		{E90D7056-F9A2-4AA1-AC16-B19B2BEAEF51}.Release|Any CPU.Build.0 = Release|Any CPU
		{E90D7056-F9A2-4AA1-AC16-B19B2BEAEF51}.Release|x64.ActiveCfg = Release|x64
		{E90D7056-F9A2-4AA1-AC16-B19B2BEAEF51}.Release|x64.Build.0 = Release|x64
		{E90D7056-F9A2-4AA1-AC16-B19B2BEAEF51}.Release|x86.ActiveCfg = Release|x86
		{E90D7056-F9A2-4AA1-AC16-B19B2BEAEF51}.Release|x86.Build.0 = Release|x86
		{1894A8ED-8485-4765-AED2-76321A0D0EB4}.Debug|Any CPU.ActiveCfg = Debug|Any CPU
		{1894A8ED-8485-4765-AED2-76321A0D0EB4}.Debug|Any CPU.Build.0 = Debug|Any CPU
		{1894A8ED-8485-4765-AED2-76321A0D0EB4}.Debug|x64.ActiveCfg = Debug|x64
		{1894A8ED-8485-4765-AED2-76321A0D0EB4}.Debug|x64.Build.0 = Debug|x64
		{1894A8ED-8485-4765-AED2-76321A0D0EB4}.Debug|x86.ActiveCfg = Debug|x86
		{1894A8ED-8485-4765-AED2-76321A0D0EB4}.Debug|x86.Build.0 = Debug|x86
		{1894A8ED-8485-4765-AED2-76321A0D0EB4}.Release|Any CPU.ActiveCfg = Release|Any CPU
		{1894A8ED-8485-4765-AED2-76321A0D0EB4}.Release|Any CPU.Build.0 = Release|Any CPU
		{1894A8ED-8485-4765-AED2-76321A0D0EB4}.Release|x64.ActiveCfg = Release|x64
		{1894A8ED-8485-4765-AED2-76321A0D0EB4}.Release|x64.Build.0 = Release|x64
		{1894A8ED-8485-4765-AED2-76321A0D0EB4}.Release|x86.ActiveCfg = Release|x86
		{1894A8ED-8485-4765-AED2-76321A0D0EB4}.Release|x86.Build.0 = Release|x86
		{AF7F7CFA-B75D-47B1-9D41-9DDF8E8E7B8B}.Debug|Any CPU.ActiveCfg = Debug|Any CPU
		{AF7F7CFA-B75D-47B1-9D41-9DDF8E8E7B8B}.Debug|Any CPU.Build.0 = Debug|Any CPU
		{AF7F7CFA-B75D-47B1-9D41-9DDF8E8E7B8B}.Debug|x64.ActiveCfg = Debug|x64
		{AF7F7CFA-B75D-47B1-9D41-9DDF8E8E7B8B}.Debug|x64.Build.0 = Debug|x64
		{AF7F7CFA-B75D-47B1-9D41-9DDF8E8E7B8B}.Debug|x86.ActiveCfg = Debug|x86
		{AF7F7CFA-B75D-47B1-9D41-9DDF8E8E7B8B}.Debug|x86.Build.0 = Debug|x86
		{AF7F7CFA-B75D-47B1-9D41-9DDF8E8E7B8B}.Release|Any CPU.ActiveCfg = Release|Any CPU
		{AF7F7CFA-B75D-47B1-9D41-9DDF8E8E7B8B}.Release|Any CPU.Build.0 = Release|Any CPU
		{AF7F7CFA-B75D-47B1-9D41-9DDF8E8E7B8B}.Release|x64.ActiveCfg = Release|x64
		{AF7F7CFA-B75D-47B1-9D41-9DDF8E8E7B8B}.Release|x64.Build.0 = Release|x64
		{AF7F7CFA-B75D-47B1-9D41-9DDF8E8E7B8B}.Release|x86.ActiveCfg = Release|x86
		{AF7F7CFA-B75D-47B1-9D41-9DDF8E8E7B8B}.Release|x86.Build.0 = Release|x86
		{7ADE0E47-8588-43E7-BC9F-0CFD3394EF99}.Debug|Any CPU.ActiveCfg = Debug|Any CPU
		{7ADE0E47-8588-43E7-BC9F-0CFD3394EF99}.Debug|Any CPU.Build.0 = Debug|Any CPU
		{7ADE0E47-8588-43E7-BC9F-0CFD3394EF99}.Debug|x64.ActiveCfg = Debug|x64
		{7ADE0E47-8588-43E7-BC9F-0CFD3394EF99}.Debug|x64.Build.0 = Debug|x64
		{7ADE0E47-8588-43E7-BC9F-0CFD3394EF99}.Debug|x86.ActiveCfg = Debug|x86
		{7ADE0E47-8588-43E7-BC9F-0CFD3394EF99}.Debug|x86.Build.0 = Debug|x86
		{7ADE0E47-8588-43E7-BC9F-0CFD3394EF99}.Release|Any CPU.ActiveCfg = Release|Any CPU
		{7ADE0E47-8588-43E7-BC9F-0CFD3394EF99}.Release|Any CPU.Build.0 = Release|Any CPU
		{7ADE0E47-8588-43E7-BC9F-0CFD3394EF99}.Release|x64.ActiveCfg = Release|x64
		{7ADE0E47-8588-43E7-BC9F-0CFD3394EF99}.Release|x64.Build.0 = Release|x64
		{7ADE0E47-8588-43E7-BC9F-0CFD3394EF99}.Release|x86.ActiveCfg = Release|x86
		{7ADE0E47-8588-43E7-BC9F-0CFD3394EF99}.Release|x86.Build.0 = Release|x86
		{AFE840EC-AE85-4080-A6FE-5DDCC502AB54}.Debug|Any CPU.ActiveCfg = Debug|Any CPU
		{AFE840EC-AE85-4080-A6FE-5DDCC502AB54}.Debug|Any CPU.Build.0 = Debug|Any CPU
		{AFE840EC-AE85-4080-A6FE-5DDCC502AB54}.Debug|x64.ActiveCfg = Debug|x64
		{AFE840EC-AE85-4080-A6FE-5DDCC502AB54}.Debug|x64.Build.0 = Debug|x64
		{AFE840EC-AE85-4080-A6FE-5DDCC502AB54}.Debug|x86.ActiveCfg = Debug|x86
		{AFE840EC-AE85-4080-A6FE-5DDCC502AB54}.Debug|x86.Build.0 = Debug|x86
		{AFE840EC-AE85-4080-A6FE-5DDCC502AB54}.Release|Any CPU.ActiveCfg = Release|Any CPU
		{AFE840EC-AE85-4080-A6FE-5DDCC502AB54}.Release|Any CPU.Build.0 = Release|Any CPU
		{AFE840EC-AE85-4080-A6FE-5DDCC502AB54}.Release|x64.ActiveCfg = Release|x64
		{AFE840EC-AE85-4080-A6FE-5DDCC502AB54}.Release|x64.Build.0 = Release|x64
		{AFE840EC-AE85-4080-A6FE-5DDCC502AB54}.Release|x86.ActiveCfg = Release|x86
		{AFE840EC-AE85-4080-A6FE-5DDCC502AB54}.Release|x86.Build.0 = Release|x86
		{4803CC5F-42D5-42C6-B2A4-77B14898AF50}.Debug|Any CPU.ActiveCfg = Debug|Any CPU
		{4803CC5F-42D5-42C6-B2A4-77B14898AF50}.Debug|Any CPU.Build.0 = Debug|Any CPU
		{4803CC5F-42D5-42C6-B2A4-77B14898AF50}.Debug|x64.ActiveCfg = Debug|x64
		{4803CC5F-42D5-42C6-B2A4-77B14898AF50}.Debug|x64.Build.0 = Debug|x64
		{4803CC5F-42D5-42C6-B2A4-77B14898AF50}.Debug|x86.ActiveCfg = Debug|x86
		{4803CC5F-42D5-42C6-B2A4-77B14898AF50}.Debug|x86.Build.0 = Debug|x86
		{4803CC5F-42D5-42C6-B2A4-77B14898AF50}.Release|Any CPU.ActiveCfg = Release|Any CPU
		{4803CC5F-42D5-42C6-B2A4-77B14898AF50}.Release|Any CPU.Build.0 = Release|Any CPU
		{4803CC5F-42D5-42C6-B2A4-77B14898AF50}.Release|x64.ActiveCfg = Release|x64
		{4803CC5F-42D5-42C6-B2A4-77B14898AF50}.Release|x64.Build.0 = Release|x64
		{4803CC5F-42D5-42C6-B2A4-77B14898AF50}.Release|x86.ActiveCfg = Release|x86
		{4803CC5F-42D5-42C6-B2A4-77B14898AF50}.Release|x86.Build.0 = Release|x86
		{23DF94E3-C76C-4264-980C-D1EED6DDDB13}.Debug|Any CPU.ActiveCfg = Debug|Any CPU
		{23DF94E3-C76C-4264-980C-D1EED6DDDB13}.Debug|Any CPU.Build.0 = Debug|Any CPU
		{23DF94E3-C76C-4264-980C-D1EED6DDDB13}.Debug|x64.ActiveCfg = Debug|x64
		{23DF94E3-C76C-4264-980C-D1EED6DDDB13}.Debug|x64.Build.0 = Debug|x64
		{23DF94E3-C76C-4264-980C-D1EED6DDDB13}.Debug|x86.ActiveCfg = Debug|x86
		{23DF94E3-C76C-4264-980C-D1EED6DDDB13}.Debug|x86.Build.0 = Debug|x86
		{23DF94E3-C76C-4264-980C-D1EED6DDDB13}.Release|Any CPU.ActiveCfg = Release|Any CPU
		{23DF94E3-C76C-4264-980C-D1EED6DDDB13}.Release|Any CPU.Build.0 = Release|Any CPU
		{23DF94E3-C76C-4264-980C-D1EED6DDDB13}.Release|x64.ActiveCfg = Release|x64
		{23DF94E3-C76C-4264-980C-D1EED6DDDB13}.Release|x64.Build.0 = Release|x64
		{23DF94E3-C76C-4264-980C-D1EED6DDDB13}.Release|x86.ActiveCfg = Release|x86
		{23DF94E3-C76C-4264-980C-D1EED6DDDB13}.Release|x86.Build.0 = Release|x86
		{B0E53E8A-A499-4A71-BED7-D36D6B1B13DE}.Debug|Any CPU.ActiveCfg = Debug|Any CPU
		{B0E53E8A-A499-4A71-BED7-D36D6B1B13DE}.Debug|Any CPU.Build.0 = Debug|Any CPU
		{B0E53E8A-A499-4A71-BED7-D36D6B1B13DE}.Debug|x64.ActiveCfg = Debug|x64
		{B0E53E8A-A499-4A71-BED7-D36D6B1B13DE}.Debug|x64.Build.0 = Debug|x64
		{B0E53E8A-A499-4A71-BED7-D36D6B1B13DE}.Debug|x86.ActiveCfg = Debug|x86
		{B0E53E8A-A499-4A71-BED7-D36D6B1B13DE}.Debug|x86.Build.0 = Debug|x86
		{B0E53E8A-A499-4A71-BED7-D36D6B1B13DE}.Release|Any CPU.ActiveCfg = Release|Any CPU
		{B0E53E8A-A499-4A71-BED7-D36D6B1B13DE}.Release|Any CPU.Build.0 = Release|Any CPU
		{B0E53E8A-A499-4A71-BED7-D36D6B1B13DE}.Release|x64.ActiveCfg = Release|x64
		{B0E53E8A-A499-4A71-BED7-D36D6B1B13DE}.Release|x64.Build.0 = Release|x64
		{B0E53E8A-A499-4A71-BED7-D36D6B1B13DE}.Release|x86.ActiveCfg = Release|x86
		{B0E53E8A-A499-4A71-BED7-D36D6B1B13DE}.Release|x86.Build.0 = Release|x86
		{6F5C768A-F839-4B54-AB23-B2654D17BC02}.Debug|Any CPU.ActiveCfg = Debug|Any CPU
		{6F5C768A-F839-4B54-AB23-B2654D17BC02}.Debug|Any CPU.Build.0 = Debug|Any CPU
		{6F5C768A-F839-4B54-AB23-B2654D17BC02}.Debug|x64.ActiveCfg = Debug|x64
		{6F5C768A-F839-4B54-AB23-B2654D17BC02}.Debug|x64.Build.0 = Debug|x64
		{6F5C768A-F839-4B54-AB23-B2654D17BC02}.Debug|x86.ActiveCfg = Debug|x86
		{6F5C768A-F839-4B54-AB23-B2654D17BC02}.Debug|x86.Build.0 = Debug|x86
		{6F5C768A-F839-4B54-AB23-B2654D17BC02}.Release|Any CPU.ActiveCfg = Release|Any CPU
		{6F5C768A-F839-4B54-AB23-B2654D17BC02}.Release|Any CPU.Build.0 = Release|Any CPU
		{6F5C768A-F839-4B54-AB23-B2654D17BC02}.Release|x64.ActiveCfg = Release|x64
		{6F5C768A-F839-4B54-AB23-B2654D17BC02}.Release|x64.Build.0 = Release|x64
		{6F5C768A-F839-4B54-AB23-B2654D17BC02}.Release|x86.ActiveCfg = Release|x86
		{6F5C768A-F839-4B54-AB23-B2654D17BC02}.Release|x86.Build.0 = Release|x86
		{465D8F55-85EC-4FB0-8613-236BA10721C1}.Debug|Any CPU.ActiveCfg = Debug|Any CPU
		{465D8F55-85EC-4FB0-8613-236BA10721C1}.Debug|Any CPU.Build.0 = Debug|Any CPU
		{465D8F55-85EC-4FB0-8613-236BA10721C1}.Debug|x64.ActiveCfg = Debug|x64
		{465D8F55-85EC-4FB0-8613-236BA10721C1}.Debug|x64.Build.0 = Debug|x64
		{465D8F55-85EC-4FB0-8613-236BA10721C1}.Debug|x86.ActiveCfg = Debug|x86
		{465D8F55-85EC-4FB0-8613-236BA10721C1}.Debug|x86.Build.0 = Debug|x86
		{465D8F55-85EC-4FB0-8613-236BA10721C1}.Release|Any CPU.ActiveCfg = Release|Any CPU
		{465D8F55-85EC-4FB0-8613-236BA10721C1}.Release|Any CPU.Build.0 = Release|Any CPU
		{465D8F55-85EC-4FB0-8613-236BA10721C1}.Release|x64.ActiveCfg = Release|x64
		{465D8F55-85EC-4FB0-8613-236BA10721C1}.Release|x64.Build.0 = Release|x64
		{465D8F55-85EC-4FB0-8613-236BA10721C1}.Release|x86.ActiveCfg = Release|x86
		{465D8F55-85EC-4FB0-8613-236BA10721C1}.Release|x86.Build.0 = Release|x86
	EndGlobalSection
EndGlobal
